// !$*UTF8*$!
{
	archiveVersion = 1;
	classes = {
	};
	objectVersion = 77;
	objects = {

/* Begin PBXBuildFile section */
		202D9E862F85533800FC79C9 /* PRBadge.swift in Sources */ = {isa = PBXBuildFile; fileRef = 202D9E852F85533800FC79C9 /* PRBadge.swift */; };
		202D9E9D2F85E2C600FC79C9 /* SwipeTuningManager.swift in Sources */ = {isa = PBXBuildFile; fileRef = 202D9E9B2F85E2C600FC79C9 /* SwipeTuningManager.swift */; };
		202D9E9E2F85E2C600FC79C9 /* SwipeTuningConfig.swift in Sources */ = {isa = PBXBuildFile; fileRef = 202D9E9A2F85E2C600FC79C9 /* SwipeTuningConfig.swift */; };
		202D9E9F2F85E2C600FC79C9 /* SwipeTunerSheet.swift in Sources */ = {isa = PBXBuildFile; fileRef = 202D9E992F85E2C600FC79C9 /* SwipeTunerSheet.swift */; };
		202D9EA22F87045600FC79C9 /* AITrainingContext.swift in Sources */ = {isa = PBXBuildFile; fileRef = 202D9EA02F87045600FC79C9 /* AITrainingContext.swift */; };
		202D9EA32F87045600FC79C9 /* WeeklySnapshot.swift in Sources */ = {isa = PBXBuildFile; fileRef = 202D9EA12F87045600FC79C9 /* WeeklySnapshot.swift */; };
		202D9EA52F87046300FC79C9 /* SessionService.swift in Sources */ = {isa = PBXBuildFile; fileRef = 202D9EA42F87046300FC79C9 /* SessionService.swift */; };
		20A10DC82F7814980053B465 /* ProgressRootView.swift in Sources */ = {isa = PBXBuildFile; fileRef = 20A10DC72F7814980053B465 /* ProgressRootView.swift */; };
		20A10DD12F78158F0053B465 /* LibraryRootView.swift in Sources */ = {isa = PBXBuildFile; fileRef = 20A10DD02F78158F0053B465 /* LibraryRootView.swift */; };
		20A10DD72F781E0F0053B465 /* ProgressAnalyticsEngine.swift in Sources */ = {isa = PBXBuildFile; fileRef = 20A10DD52F781E0F0053B465 /* ProgressAnalyticsEngine.swift */; };
		20A10DD92F781E0F0053B465 /* SwipeValueControl.swift in Sources */ = {isa = PBXBuildFile; fileRef = 20A10DD82F781E0F0053B465 /* SwipeValueControl.swift */; };
		20A10E212F79C4C80053B465 /* ActiveWorkoutPreviewData.swift in Sources */ = {isa = PBXBuildFile; fileRef = 20A10E202F79C4C80053B465 /* ActiveWorkoutPreviewData.swift */; };
		20C236842F732C8A00D5763E /* WidgetKit.framework in Frameworks */ = {isa = PBXBuildFile; fileRef = 20C236832F732C8A00D5763E /* WidgetKit.framework */; };
		20C236862F732C8A00D5763E /* SwiftUI.framework in Frameworks */ = {isa = PBXBuildFile; fileRef = 20C236852F732C8A00D5763E /* SwiftUI.framework */; };
		20C236952F732C8C00D5763E /* OrinWidgetsExtension.appex in Embed Foundation Extensions */ = {isa = PBXBuildFile; fileRef = 20C236812F732C8A00D5763E /* OrinWidgetsExtension.appex */; settings = {ATTRIBUTES = (RemoveHeadersOnCopy, ); }; };
		20C236EF2F746D2300D5763E /* AccentTheme.swift in Sources */ = {isa = PBXBuildFile; fileRef = 20C236A82F746D2300D5763E /* AccentTheme.swift */; };
		20C236F02F746D2300D5763E /* AppState.swift in Sources */ = {isa = PBXBuildFile; fileRef = 20C236A92F746D2300D5763E /* AppState.swift */; };
		20C236F12F746D2300D5763E /* AppView.swift in Sources */ = {isa = PBXBuildFile; fileRef = 20C236AA2F746D2300D5763E /* AppView.swift */; };
		20C236F22F746D2300D5763E /* OrinApp.swift in Sources */ = {isa = PBXBuildFile; fileRef = 20C236AB2F746D2300D5763E /* OrinApp.swift */; };
		20C236F42F746D2300D5763E /* Color+Tokens.swift in Sources */ = {isa = PBXBuildFile; fileRef = 20C236AE2F746D2300D5763E /* Color+Tokens.swift */; };
		20C236F52F746D2300D5763E /* CompactStepper.swift in Sources */ = {isa = PBXBuildFile; fileRef = 20C236AF2F746D2300D5763E /* CompactStepper.swift */; };
		20C236F62F746D2300D5763E /* GlassPanel.swift in Sources */ = {isa = PBXBuildFile; fileRef = 20C236B02F746D2300D5763E /* GlassPanel.swift */; };
		20C236F82F746D2300D5763E /* PlaceholderScreen.swift in Sources */ = {isa = PBXBuildFile; fileRef = 20C236B22F746D2300D5763E /* PlaceholderScreen.swift */; };
		20C236F92F746D2300D5763E /* ProGlassModifier.swift in Sources */ = {isa = PBXBuildFile; fileRef = 20C236B32F746D2300D5763E /* ProGlassModifier.swift */; };
		20C236FA2F746D2300D5763E /* SetTypeChip.swift in Sources */ = {isa = PBXBuildFile; fileRef = 20C236B42F746D2300D5763E /* SetTypeChip.swift */; };
		20C236FB2F746D2300D5763E /* ThemedBackground.swift in Sources */ = {isa = PBXBuildFile; fileRef = 20C236B52F746D2300D5763E /* ThemedBackground.swift */; };
		20C236FC2F746D2300D5763E /* WheelPickerSheet.swift in Sources */ = {isa = PBXBuildFile; fileRef = 20C236B62F746D2300D5763E /* WheelPickerSheet.swift */; };
		20C236FD2F746D2300D5763E /* BodyWeightEntry.swift in Sources */ = {isa = PBXBuildFile; fileRef = 20C236B82F746D2300D5763E /* BodyWeightEntry.swift */; };
		20C236FE2F746D2300D5763E /* ExerciseDefinition.swift in Sources */ = {isa = PBXBuildFile; fileRef = 20C236B92F746D2300D5763E /* ExerciseDefinition.swift */; };
		20C236FF2F746D2300D5763E /* ExerciseSnapshot.swift in Sources */ = {isa = PBXBuildFile; fileRef = 20C236BA2F746D2300D5763E /* ExerciseSnapshot.swift */; };
		20C237002F746D2300D5763E /* RoutineEntry.swift in Sources */ = {isa = PBXBuildFile; fileRef = 20C236BB2F746D2300D5763E /* RoutineEntry.swift */; };
		20C237012F746D2300D5763E /* RoutineTemplate.swift in Sources */ = {isa = PBXBuildFile; fileRef = 20C236BC2F746D2300D5763E /* RoutineTemplate.swift */; };
		20C237022F746D2300D5763E /* SetRecord.swift in Sources */ = {isa = PBXBuildFile; fileRef = 20C236BD2F746D2300D5763E /* SetRecord.swift */; };
		20C237032F746D2300D5763E /* SetType.swift in Sources */ = {isa = PBXBuildFile; fileRef = 20C236BE2F746D2300D5763E /* SetType.swift */; };
		20C237042F746D2300D5763E /* WorkoutActivityAttributes.swift in Sources */ = {isa = PBXBuildFile; fileRef = 20C236BF2F746D2300D5763E /* WorkoutActivityAttributes.swift */; };
		20C237052F746D2300D5763E /* WorkoutSession.swift in Sources */ = {isa = PBXBuildFile; fileRef = 20C236C02F746D2300D5763E /* WorkoutSession.swift */; };
		20C237062F746D2300D5763E /* HistoryRootPreviewData.swift in Sources */ = {isa = PBXBuildFile; fileRef = 20C236C22F746D2300D5763E /* HistoryRootPreviewData.swift */; };
		20C237072F746D2300D5763E /* DesignTokens.swift in Sources */ = {isa = PBXBuildFile; fileRef = 20C236C42F746D2300D5763E /* DesignTokens.swift */; };
		20C237082F746D2300D5763E /* ActiveWorkoutService.swift in Sources */ = {isa = PBXBuildFile; fileRef = 20C236C62F746D2300D5763E /* ActiveWorkoutService.swift */; };
		20C237092F746D2300D5763E /* ExerciseFrecencyActor.swift in Sources */ = {isa = PBXBuildFile; fileRef = 20C236C72F746D2300D5763E /* ExerciseFrecencyActor.swift */; };
		20C2370A2F746D2300D5763E /* ExerciseSeeder.swift in Sources */ = {isa = PBXBuildFile; fileRef = 20C236C82F746D2300D5763E /* ExerciseSeeder.swift */; };
		20C2370B2F746D2300D5763E /* HomeStatsActor.swift in Sources */ = {isa = PBXBuildFile; fileRef = 20C236C92F746D2300D5763E /* HomeStatsActor.swift */; };
		20C2370D2F746D2300D5763E /* PersistenceController.swift in Sources */ = {isa = PBXBuildFile; fileRef = 20C236CB2F746D2300D5763E /* PersistenceController.swift */; };
		20C2370E2F746D2300D5763E /* RestTimerState.swift in Sources */ = {isa = PBXBuildFile; fileRef = 20C236CC2F746D2300D5763E /* RestTimerState.swift */; };
		20C2370F2F746D2300D5763E /* WorkoutActivityManager.swift in Sources */ = {isa = PBXBuildFile; fileRef = 20C236CD2F746D2300D5763E /* WorkoutActivityManager.swift */; };
		20C237102F746D2300D5763E /* ActiveWorkoutViewModel.swift in Sources */ = {isa = PBXBuildFile; fileRef = 20C236CF2F746D2300D5763E /* ActiveWorkoutViewModel.swift */; };
		20C237112F746D2300D5763E /* ExercisePickerViewModel.swift in Sources */ = {isa = PBXBuildFile; fileRef = 20C236D02F746D2300D5763E /* ExercisePickerViewModel.swift */; };
		20C237122F746D2300D5763E /* HomeStatsViewModel.swift in Sources */ = {isa = PBXBuildFile; fileRef = 20C236D12F746D2300D5763E /* HomeStatsViewModel.swift */; };
		20C237132F746D2300D5763E /* RoutineBuilderViewModel.swift in Sources */ = {isa = PBXBuildFile; fileRef = 20C236D22F746D2300D5763E /* RoutineBuilderViewModel.swift */; };
		20C237142F746D2300D5763E /* ViewModelNamespace.swift in Sources */ = {isa = PBXBuildFile; fileRef = 20C236D32F746D2300D5763E /* ViewModelNamespace.swift */; };
		20C237152F746D2300D5763E /* WorkoutSummaryViewModel.swift in Sources */ = {isa = PBXBuildFile; fileRef = 20C236D42F746D2300D5763E /* WorkoutSummaryViewModel.swift */; };
		20C237162F746D2300D5763E /* ActiveExerciseCard.swift in Sources */ = {isa = PBXBuildFile; fileRef = 20C236D62F746D2300D5763E /* ActiveExerciseCard.swift */; };
		20C237172F746D2300D5763E /* ActiveWorkoutView.swift in Sources */ = {isa = PBXBuildFile; fileRef = 20C236D72F746D2300D5763E /* ActiveWorkoutView.swift */; };
		20C237182F746D2300D5763E /* MiniWorkoutBar.swift in Sources */ = {isa = PBXBuildFile; fileRef = 20C236D82F746D2300D5763E /* MiniWorkoutBar.swift */; };
		20C237192F746D2300D5763E /* PRMomentOverlay.swift in Sources */ = {isa = PBXBuildFile; fileRef = 20C236D92F746D2300D5763E /* PRMomentOverlay.swift */; };
		20C2371A2F746D2300D5763E /* HistoryRootView.swift in Sources */ = {isa = PBXBuildFile; fileRef = 20C236DB2F746D2300D5763E /* HistoryRootView.swift */; };
		20C2371B2F746D2300D5763E /* WorkoutDetailView.swift in Sources */ = {isa = PBXBuildFile; fileRef = 20C236DC2F746D2300D5763E /* WorkoutDetailView.swift */; };
		20C2371C2F746D2300D5763E /* HomeGreetingView.swift in Sources */ = {isa = PBXBuildFile; fileRef = 20C236DE2F746D2300D5763E /* HomeGreetingView.swift */; };
		20C2371D2F746D2300D5763E /* HomeRecentSection.swift in Sources */ = {isa = PBXBuildFile; fileRef = 20C236DF2F746D2300D5763E /* HomeRecentSection.swift */; };
		20C2371E2F746D2300D5763E /* HomeRootView.swift in Sources */ = {isa = PBXBuildFile; fileRef = 20C236E02F746D2300D5763E /* HomeRootView.swift */; };
		20C2371F2F746D2300D5763E /* HomeRoutinesSection.swift in Sources */ = {isa = PBXBuildFile; fileRef = 20C236E12F746D2300D5763E /* HomeRoutinesSection.swift */; };
		20C237202F746D2300D5763E /* HomeStatChipsRow.swift in Sources */ = {isa = PBXBuildFile; fileRef = 20C236E22F746D2300D5763E /* HomeStatChipsRow.swift */; };
		20C237212F746D2300D5763E /* SectionHeader.swift in Sources */ = {isa = PBXBuildFile; fileRef = 20C236E32F746D2300D5763E /* SectionHeader.swift */; };
		20C237222F746D2300D5763E /* ExerciseEditorView.swift in Sources */ = {isa = PBXBuildFile; fileRef = 20C236E52F746D2300D5763E /* ExerciseEditorView.swift */; };
		20C237232F746D2300D5763E /* ExercisePicker.swift in Sources */ = {isa = PBXBuildFile; fileRef = 20C236E62F746D2300D5763E /* ExercisePicker.swift */; };
		20C237242F746D2300D5763E /* RoutineBuilderView.swift in Sources */ = {isa = PBXBuildFile; fileRef = 20C236E72F746D2300D5763E /* RoutineBuilderView.swift */; };
		20C237252F746D2300D5763E /* SettingsRootView.swift in Sources */ = {isa = PBXBuildFile; fileRef = 20C236E82F746D2300D5763E /* SettingsRootView.swift */; };
		20C237262F746D2300D5763E /* WorkoutSummaryView.swift in Sources */ = {isa = PBXBuildFile; fileRef = 20C236E92F746D2300D5763E /* WorkoutSummaryView.swift */; };
		20C237272F746D2300D5763E /* Assets.xcassets in Resources */ = {isa = PBXBuildFile; fileRef = 20C236EB2F746D2300D5763E /* Assets.xcassets */; };
		20C237292F746D2300D5763E /* WorkoutActivityAttributes.swift in Sources */ = {isa = PBXBuildFile; fileRef = 20C236BF2F746D2300D5763E /* WorkoutActivityAttributes.swift */; };
		20C2372B2F7479AC00D5763E /* HomePreviewData.swift in Sources */ = {isa = PBXBuildFile; fileRef = 20C2372A2F7479AC00D5763E /* HomePreviewData.swift */; };
		20C237362F74B34F00D5763E /* LibraryRow.swift in Sources */ = {isa = PBXBuildFile; fileRef = 20C237352F74B34F00D5763E /* LibraryRow.swift */; };
		20C237372F74B34F00D5763E /* HighlightedText.swift in Sources */ = {isa = PBXBuildFile; fileRef = 20C2372D2F74B34F00D5763E /* HighlightedText.swift */; };
		20C237392F74B34F00D5763E /* SetDetailRow.swift in Sources */ = {isa = PBXBuildFile; fileRef = 20C237312F74B34F00D5763E /* SetDetailRow.swift */; };
		20C2373A2F74B34F00D5763E /* ExerciseConfigSheet.swift in Sources */ = {isa = PBXBuildFile; fileRef = 20C2372C2F74B34F00D5763E /* ExerciseConfigSheet.swift */; };
		20C2373B2F74B34F00D5763E /* SetTypeLabel.swift in Sources */ = {isa = PBXBuildFile; fileRef = 20C237322F74B34F00D5763E /* SetTypeLabel.swift */; };
		20C2373D2F74B34F00D5763E /* ExerciseDetailCard.swift in Sources */ = {isa = PBXBuildFile; fileRef = 20C2372F2F74B34F00D5763E /* ExerciseDetailCard.swift */; };
		20C2373E2F74B34F00D5763E /* DetailStatChip.swift in Sources */ = {isa = PBXBuildFile; fileRef = 20C2372E2F74B34F00D5763E /* DetailStatChip.swift */; };
		20C237452F74B34F00D5763E /* SetRow.swift in Sources */ = {isa = PBXBuildFile; fileRef = 20C237402F74B34F00D5763E /* SetRow.swift */; };
		20C237462F74B34F00D5763E /* ActiveWorkoutCommandPanel.swift in Sources */ = {isa = PBXBuildFile; fileRef = 20C237412F74B34F00D5763E /* ActiveWorkoutCommandPanel.swift */; };
		20C237472F74B34F00D5763E /* FeaturedRoutineCard.swift in Sources */ = {isa = PBXBuildFile; fileRef = 20C237422F74B34F00D5763E /* FeaturedRoutineCard.swift */; };
		20C237482F74B34F00D5763E /* RoutineListRow.swift in Sources */ = {isa = PBXBuildFile; fileRef = 20C237432F74B34F00D5763E /* RoutineListRow.swift */; };
		20C237492F74B34F00D5763E /* EmptyRoutinesPrompt.swift in Sources */ = {isa = PBXBuildFile; fileRef = 20C237442F74B34F00D5763E /* EmptyRoutinesPrompt.swift */; };
		20D4A0013070000000D5763E /* SwipeableSetRow.swift in Sources */ = {isa = PBXBuildFile; fileRef = 20D4A0003070000000D5763E /* SwipeableSetRow.swift */; };
		20C2374D2F74B34F00D5763E /* SummaryStatChip.swift in Sources */ = {isa = PBXBuildFile; fileRef = 20C2374A2F74B34F00D5763E /* SummaryStatChip.swift */; };
		20C2374E2F74B34F00D5763E /* SummaryPRBadge.swift in Sources */ = {isa = PBXBuildFile; fileRef = 20C2374B2F74B34F00D5763E /* SummaryPRBadge.swift */; };
		20C2374F2F74B34F00D5763E /* SummaryExerciseCard.swift in Sources */ = {isa = PBXBuildFile; fileRef = 20C2374C2F74B34F00D5763E /* SummaryExerciseCard.swift */; };
		3F09140969524567A3DCB51E /* RoutineSeeder.swift in Sources */ = {isa = PBXBuildFile; fileRef = FAAC5CAD25E444D0BEB5B92F /* RoutineSeeder.swift */; };
		EC0000042F74B34F00D5763E /* ExerciseHistoryChart.swift in Sources */ = {isa = PBXBuildFile; fileRef = EC0000012F74B34F00D5763E /* ExerciseHistoryChart.swift */; };
		EC0000052F74B34F00D5763E /* ExerciseHistorySessionCard.swift in Sources */ = {isa = PBXBuildFile; fileRef = EC0000022F74B34F00D5763E /* ExerciseHistorySessionCard.swift */; };
		EC0000062F74B34F00D5763E /* ExerciseHistoryView.swift in Sources */ = {isa = PBXBuildFile; fileRef = EC0000032F74B34F00D5763E /* ExerciseHistoryView.swift */; };
		HAWD000200002F74B34F00D5 /* HomeActiveWorkoutDashboard.swift in Sources */ = {isa = PBXBuildFile; fileRef = HAWD000100002F74B34F00D5 /* HomeActiveWorkoutDashboard.swift */; };
		HPBC000200002F74B34F00D5 /* HomePreviousBestsCard.swift in Sources */ = {isa = PBXBuildFile; fileRef = HPBC000100002F74B34F00D5 /* HomePreviousBestsCard.swift */; };
/* End PBXBuildFile section */

/* Begin PBXContainerItemProxy section */
		205CFF712F69D7E400FFF88C /* PBXContainerItemProxy */ = {
			isa = PBXContainerItemProxy;
			containerPortal = 205CFF572F69D7E200FFF88C /* Project object */;
			proxyType = 1;
			remoteGlobalIDString = 205CFF5E2F69D7E200FFF88C;
			remoteInfo = Heft;
		};
		205CFF7B2F69D7E400FFF88C /* PBXContainerItemProxy */ = {
			isa = PBXContainerItemProxy;
			containerPortal = 205CFF572F69D7E200FFF88C /* Project object */;
			proxyType = 1;
			remoteGlobalIDString = 205CFF5E2F69D7E200FFF88C;
			remoteInfo = Heft;
		};
		20C236932F732C8C00D5763E /* PBXContainerItemProxy */ = {
			isa = PBXContainerItemProxy;
			containerPortal = 205CFF572F69D7E200FFF88C /* Project object */;
			proxyType = 1;
			remoteGlobalIDString = 20C236802F732C8A00D5763E;
			remoteInfo = OrinWidgetsExtension;
		};
/* End PBXContainerItemProxy section */

/* Begin PBXCopyFilesBuildPhase section */
		20C2369A2F732C8C00D5763E /* Embed Foundation Extensions */ = {
			isa = PBXCopyFilesBuildPhase;
			buildActionMask = 2147483647;
			dstPath = "";
			dstSubfolderSpec = 13;
			files = (
				20C236952F732C8C00D5763E /* OrinWidgetsExtension.appex in Embed Foundation Extensions */,
			);
			name = "Embed Foundation Extensions";
			runOnlyForDeploymentPostprocessing = 0;
		};
/* End PBXCopyFilesBuildPhase section */

/* Begin PBXFileReference section */
		202D9E852F85533800FC79C9 /* PRBadge.swift */ = {isa = PBXFileReference; lastKnownFileType = sourcecode.swift; path = PRBadge.swift; sourceTree = "<group>"; };
		202D9E992F85E2C600FC79C9 /* SwipeTunerSheet.swift */ = {isa = PBXFileReference; lastKnownFileType = sourcecode.swift; path = SwipeTunerSheet.swift; sourceTree = "<group>"; };
		202D9E9A2F85E2C600FC79C9 /* SwipeTuningConfig.swift */ = {isa = PBXFileReference; lastKnownFileType = sourcecode.swift; path = SwipeTuningConfig.swift; sourceTree = "<group>"; };
		202D9E9B2F85E2C600FC79C9 /* SwipeTuningManager.swift */ = {isa = PBXFileReference; lastKnownFileType = sourcecode.swift; path = SwipeTuningManager.swift; sourceTree = "<group>"; };
		202D9EA02F87045600FC79C9 /* AITrainingContext.swift */ = {isa = PBXFileReference; lastKnownFileType = sourcecode.swift; path = AITrainingContext.swift; sourceTree = "<group>"; };
		202D9EA12F87045600FC79C9 /* WeeklySnapshot.swift */ = {isa = PBXFileReference; lastKnownFileType = sourcecode.swift; path = WeeklySnapshot.swift; sourceTree = "<group>"; };
		202D9EA42F87046300FC79C9 /* SessionService.swift */ = {isa = PBXFileReference; lastKnownFileType = sourcecode.swift; path = SessionService.swift; sourceTree = "<group>"; };
		205CFF5F2F69D7E200FFF88C /* Orin.app */ = {isa = PBXFileReference; explicitFileType = wrapper.application; includeInIndex = 0; path = Orin.app; sourceTree = BUILT_PRODUCTS_DIR; };
		205CFF702F69D7E400FFF88C /* OrinTests.xctest */ = {isa = PBXFileReference; explicitFileType = wrapper.cfbundle; includeInIndex = 0; path = OrinTests.xctest; sourceTree = BUILT_PRODUCTS_DIR; };
		205CFF7A2F69D7E400FFF88C /* OrinUITests.xctest */ = {isa = PBXFileReference; explicitFileType = wrapper.cfbundle; includeInIndex = 0; path = OrinUITests.xctest; sourceTree = BUILT_PRODUCTS_DIR; };
		20A10DC72F7814980053B465 /* ProgressRootView.swift */ = {isa = PBXFileReference; lastKnownFileType = sourcecode.swift; path = ProgressRootView.swift; sourceTree = "<group>"; };
		20A10DD02F78158F0053B465 /* LibraryRootView.swift */ = {isa = PBXFileReference; lastKnownFileType = sourcecode.swift; path = LibraryRootView.swift; sourceTree = "<group>"; };
		20A10DD52F781E0F0053B465 /* ProgressAnalyticsEngine.swift */ = {isa = PBXFileReference; lastKnownFileType = sourcecode.swift; path = ProgressAnalyticsEngine.swift; sourceTree = "<group>"; };
		20A10DD82F781E0F0053B465 /* SwipeValueControl.swift */ = {isa = PBXFileReference; lastKnownFileType = sourcecode.swift; path = SwipeValueControl.swift; sourceTree = "<group>"; };
		20A10E202F79C4C80053B465 /* ActiveWorkoutPreviewData.swift */ = {isa = PBXFileReference; lastKnownFileType = sourcecode.swift; path = ActiveWorkoutPreviewData.swift; sourceTree = "<group>"; };
		20C236812F732C8A00D5763E /* OrinWidgetsExtension.appex */ = {isa = PBXFileReference; explicitFileType = "wrapper.app-extension"; includeInIndex = 0; path = OrinWidgetsExtension.appex; sourceTree = BUILT_PRODUCTS_DIR; };
		20C236832F732C8A00D5763E /* WidgetKit.framework */ = {isa = PBXFileReference; lastKnownFileType = wrapper.framework; name = WidgetKit.framework; path = System/Library/Frameworks/WidgetKit.framework; sourceTree = SDKROOT; };
		20C236852F732C8A00D5763E /* SwiftUI.framework */ = {isa = PBXFileReference; lastKnownFileType = wrapper.framework; name = SwiftUI.framework; path = System/Library/Frameworks/SwiftUI.framework; sourceTree = SDKROOT; };
		20C236A82F746D2300D5763E /* AccentTheme.swift */ = {isa = PBXFileReference; lastKnownFileType = sourcecode.swift; path = AccentTheme.swift; sourceTree = "<group>"; };
		20C236A92F746D2300D5763E /* AppState.swift */ = {isa = PBXFileReference; lastKnownFileType = sourcecode.swift; path = AppState.swift; sourceTree = "<group>"; };
		20C236AA2F746D2300D5763E /* AppView.swift */ = {isa = PBXFileReference; lastKnownFileType = sourcecode.swift; path = AppView.swift; sourceTree = "<group>"; };
		20C236AB2F746D2300D5763E /* OrinApp.swift */ = {isa = PBXFileReference; lastKnownFileType = sourcecode.swift; path = OrinApp.swift; sourceTree = "<group>"; };
		20C236AE2F746D2300D5763E /* Color+Tokens.swift */ = {isa = PBXFileReference; lastKnownFileType = sourcecode.swift; path = "Color+Tokens.swift"; sourceTree = "<group>"; };
		20C236AF2F746D2300D5763E /* CompactStepper.swift */ = {isa = PBXFileReference; lastKnownFileType = sourcecode.swift; path = CompactStepper.swift; sourceTree = "<group>"; };
		20C236B02F746D2300D5763E /* GlassPanel.swift */ = {isa = PBXFileReference; lastKnownFileType = sourcecode.swift; path = GlassPanel.swift; sourceTree = "<group>"; };
		20C236B22F746D2300D5763E /* PlaceholderScreen.swift */ = {isa = PBXFileReference; lastKnownFileType = sourcecode.swift; path = PlaceholderScreen.swift; sourceTree = "<group>"; };
		20C236B32F746D2300D5763E /* ProGlassModifier.swift */ = {isa = PBXFileReference; lastKnownFileType = sourcecode.swift; path = ProGlassModifier.swift; sourceTree = "<group>"; };
		20C236B42F746D2300D5763E /* SetTypeChip.swift */ = {isa = PBXFileReference; lastKnownFileType = sourcecode.swift; path = SetTypeChip.swift; sourceTree = "<group>"; };
		20C236B52F746D2300D5763E /* ThemedBackground.swift */ = {isa = PBXFileReference; lastKnownFileType = sourcecode.swift; path = ThemedBackground.swift; sourceTree = "<group>"; };
		20C236B62F746D2300D5763E /* WheelPickerSheet.swift */ = {isa = PBXFileReference; lastKnownFileType = sourcecode.swift; path = WheelPickerSheet.swift; sourceTree = "<group>"; };
		20C236B82F746D2300D5763E /* BodyWeightEntry.swift */ = {isa = PBXFileReference; lastKnownFileType = sourcecode.swift; path = BodyWeightEntry.swift; sourceTree = "<group>"; };
		20C236B92F746D2300D5763E /* ExerciseDefinition.swift */ = {isa = PBXFileReference; lastKnownFileType = sourcecode.swift; path = ExerciseDefinition.swift; sourceTree = "<group>"; };
		20C236BA2F746D2300D5763E /* ExerciseSnapshot.swift */ = {isa = PBXFileReference; lastKnownFileType = sourcecode.swift; path = ExerciseSnapshot.swift; sourceTree = "<group>"; };
		20C236BB2F746D2300D5763E /* RoutineEntry.swift */ = {isa = PBXFileReference; lastKnownFileType = sourcecode.swift; path = RoutineEntry.swift; sourceTree = "<group>"; };
		20C236BC2F746D2300D5763E /* RoutineTemplate.swift */ = {isa = PBXFileReference; lastKnownFileType = sourcecode.swift; path = RoutineTemplate.swift; sourceTree = "<group>"; };
		20C236BD2F746D2300D5763E /* SetRecord.swift */ = {isa = PBXFileReference; lastKnownFileType = sourcecode.swift; path = SetRecord.swift; sourceTree = "<group>"; };
		20C236BE2F746D2300D5763E /* SetType.swift */ = {isa = PBXFileReference; lastKnownFileType = sourcecode.swift; path = SetType.swift; sourceTree = "<group>"; };
		20C236BF2F746D2300D5763E /* WorkoutActivityAttributes.swift */ = {isa = PBXFileReference; lastKnownFileType = sourcecode.swift; path = WorkoutActivityAttributes.swift; sourceTree = "<group>"; };
		20C236C02F746D2300D5763E /* WorkoutSession.swift */ = {isa = PBXFileReference; lastKnownFileType = sourcecode.swift; path = WorkoutSession.swift; sourceTree = "<group>"; };
		20C236C22F746D2300D5763E /* HistoryRootPreviewData.swift */ = {isa = PBXFileReference; lastKnownFileType = sourcecode.swift; path = HistoryRootPreviewData.swift; sourceTree = "<group>"; };
		20C236C42F746D2300D5763E /* DesignTokens.swift */ = {isa = PBXFileReference; lastKnownFileType = sourcecode.swift; path = DesignTokens.swift; sourceTree = "<group>"; };
		20C236C62F746D2300D5763E /* ActiveWorkoutService.swift */ = {isa = PBXFileReference; lastKnownFileType = sourcecode.swift; path = ActiveWorkoutService.swift; sourceTree = "<group>"; };
		20C236C72F746D2300D5763E /* ExerciseFrecencyActor.swift */ = {isa = PBXFileReference; lastKnownFileType = sourcecode.swift; path = ExerciseFrecencyActor.swift; sourceTree = "<group>"; };
		20C236C82F746D2300D5763E /* ExerciseSeeder.swift */ = {isa = PBXFileReference; lastKnownFileType = sourcecode.swift; path = ExerciseSeeder.swift; sourceTree = "<group>"; };
		20C236C92F746D2300D5763E /* HomeStatsActor.swift */ = {isa = PBXFileReference; lastKnownFileType = sourcecode.swift; path = HomeStatsActor.swift; sourceTree = "<group>"; };
		20C236CB2F746D2300D5763E /* PersistenceController.swift */ = {isa = PBXFileReference; lastKnownFileType = sourcecode.swift; path = PersistenceController.swift; sourceTree = "<group>"; };
		20C236CC2F746D2300D5763E /* RestTimerState.swift */ = {isa = PBXFileReference; lastKnownFileType = sourcecode.swift; path = RestTimerState.swift; sourceTree = "<group>"; };
		20C236CD2F746D2300D5763E /* WorkoutActivityManager.swift */ = {isa = PBXFileReference; lastKnownFileType = sourcecode.swift; path = WorkoutActivityManager.swift; sourceTree = "<group>"; };
		20C236CF2F746D2300D5763E /* ActiveWorkoutViewModel.swift */ = {isa = PBXFileReference; lastKnownFileType = sourcecode.swift; path = ActiveWorkoutViewModel.swift; sourceTree = "<group>"; };
		20C236D02F746D2300D5763E /* ExercisePickerViewModel.swift */ = {isa = PBXFileReference; lastKnownFileType = sourcecode.swift; path = ExercisePickerViewModel.swift; sourceTree = "<group>"; };
		20C236D12F746D2300D5763E /* HomeStatsViewModel.swift */ = {isa = PBXFileReference; lastKnownFileType = sourcecode.swift; path = HomeStatsViewModel.swift; sourceTree = "<group>"; };
		20C236D22F746D2300D5763E /* RoutineBuilderViewModel.swift */ = {isa = PBXFileReference; lastKnownFileType = sourcecode.swift; path = RoutineBuilderViewModel.swift; sourceTree = "<group>"; };
		20C236D32F746D2300D5763E /* ViewModelNamespace.swift */ = {isa = PBXFileReference; lastKnownFileType = sourcecode.swift; path = ViewModelNamespace.swift; sourceTree = "<group>"; };
		20C236D42F746D2300D5763E /* WorkoutSummaryViewModel.swift */ = {isa = PBXFileReference; lastKnownFileType = sourcecode.swift; path = WorkoutSummaryViewModel.swift; sourceTree = "<group>"; };
		20C236D62F746D2300D5763E /* ActiveExerciseCard.swift */ = {isa = PBXFileReference; lastKnownFileType = sourcecode.swift; path = ActiveExerciseCard.swift; sourceTree = "<group>"; };
		20C236D72F746D2300D5763E /* ActiveWorkoutView.swift */ = {isa = PBXFileReference; lastKnownFileType = sourcecode.swift; path = ActiveWorkoutView.swift; sourceTree = "<group>"; };
		20C236D82F746D2300D5763E /* MiniWorkoutBar.swift */ = {isa = PBXFileReference; lastKnownFileType = sourcecode.swift; path = MiniWorkoutBar.swift; sourceTree = "<group>"; };
		20C236D92F746D2300D5763E /* PRMomentOverlay.swift */ = {isa = PBXFileReference; lastKnownFileType = sourcecode.swift; path = PRMomentOverlay.swift; sourceTree = "<group>"; };
		20C236DB2F746D2300D5763E /* HistoryRootView.swift */ = {isa = PBXFileReference; lastKnownFileType = sourcecode.swift; path = HistoryRootView.swift; sourceTree = "<group>"; };
		20C236DC2F746D2300D5763E /* WorkoutDetailView.swift */ = {isa = PBXFileReference; lastKnownFileType = sourcecode.swift; path = WorkoutDetailView.swift; sourceTree = "<group>"; };
		20C236DE2F746D2300D5763E /* HomeGreetingView.swift */ = {isa = PBXFileReference; lastKnownFileType = sourcecode.swift; path = HomeGreetingView.swift; sourceTree = "<group>"; };
		20C236DF2F746D2300D5763E /* HomeRecentSection.swift */ = {isa = PBXFileReference; lastKnownFileType = sourcecode.swift; path = HomeRecentSection.swift; sourceTree = "<group>"; };
		20C236E02F746D2300D5763E /* HomeRootView.swift */ = {isa = PBXFileReference; lastKnownFileType = sourcecode.swift; path = HomeRootView.swift; sourceTree = "<group>"; };
		20C236E12F746D2300D5763E /* HomeRoutinesSection.swift */ = {isa = PBXFileReference; lastKnownFileType = sourcecode.swift; path = HomeRoutinesSection.swift; sourceTree = "<group>"; };
		20C236E22F746D2300D5763E /* HomeStatChipsRow.swift */ = {isa = PBXFileReference; lastKnownFileType = sourcecode.swift; path = HomeStatChipsRow.swift; sourceTree = "<group>"; };
		20C236E32F746D2300D5763E /* SectionHeader.swift */ = {isa = PBXFileReference; lastKnownFileType = sourcecode.swift; path = SectionHeader.swift; sourceTree = "<group>"; };
		20C236E52F746D2300D5763E /* ExerciseEditorView.swift */ = {isa = PBXFileReference; lastKnownFileType = sourcecode.swift; path = ExerciseEditorView.swift; sourceTree = "<group>"; };
		20C236E62F746D2300D5763E /* ExercisePicker.swift */ = {isa = PBXFileReference; lastKnownFileType = sourcecode.swift; path = ExercisePicker.swift; sourceTree = "<group>"; };
		20C236E72F746D2300D5763E /* RoutineBuilderView.swift */ = {isa = PBXFileReference; lastKnownFileType = sourcecode.swift; path = RoutineBuilderView.swift; sourceTree = "<group>"; };
		20C236E82F746D2300D5763E /* SettingsRootView.swift */ = {isa = PBXFileReference; lastKnownFileType = sourcecode.swift; path = SettingsRootView.swift; sourceTree = "<group>"; };
		20C236E92F746D2300D5763E /* WorkoutSummaryView.swift */ = {isa = PBXFileReference; lastKnownFileType = sourcecode.swift; path = WorkoutSummaryView.swift; sourceTree = "<group>"; };
		20C236EB2F746D2300D5763E /* Assets.xcassets */ = {isa = PBXFileReference; lastKnownFileType = folder.assetcatalog; path = Assets.xcassets; sourceTree = "<group>"; };
		20C236EC2F746D2300D5763E /* Info.plist */ = {isa = PBXFileReference; lastKnownFileType = text.plist.xml; path = Info.plist; sourceTree = "<group>"; };
		20C236ED2F746D2300D5763E /* Orin.entitlements */ = {isa = PBXFileReference; lastKnownFileType = text.plist.entitlements; path = Orin.entitlements; sourceTree = "<group>"; };
		20C2372A2F7479AC00D5763E /* HomePreviewData.swift */ = {isa = PBXFileReference; lastKnownFileType = sourcecode.swift; path = HomePreviewData.swift; sourceTree = "<group>"; };
		20C2372C2F74B34F00D5763E /* ExerciseConfigSheet.swift */ = {isa = PBXFileReference; lastKnownFileType = sourcecode.swift; path = ExerciseConfigSheet.swift; sourceTree = "<group>"; };
		20C2372D2F74B34F00D5763E /* HighlightedText.swift */ = {isa = PBXFileReference; lastKnownFileType = sourcecode.swift; path = HighlightedText.swift; sourceTree = "<group>"; };
		20C2372E2F74B34F00D5763E /* DetailStatChip.swift */ = {isa = PBXFileReference; lastKnownFileType = sourcecode.swift; path = DetailStatChip.swift; sourceTree = "<group>"; };
		20C2372F2F74B34F00D5763E /* ExerciseDetailCard.swift */ = {isa = PBXFileReference; lastKnownFileType = sourcecode.swift; path = ExerciseDetailCard.swift; sourceTree = "<group>"; };
		20C237312F74B34F00D5763E /* SetDetailRow.swift */ = {isa = PBXFileReference; lastKnownFileType = sourcecode.swift; path = SetDetailRow.swift; sourceTree = "<group>"; };
		20C237322F74B34F00D5763E /* SetTypeLabel.swift */ = {isa = PBXFileReference; lastKnownFileType = sourcecode.swift; path = SetTypeLabel.swift; sourceTree = "<group>"; };
		20C237352F74B34F00D5763E /* LibraryRow.swift */ = {isa = PBXFileReference; lastKnownFileType = sourcecode.swift; path = LibraryRow.swift; sourceTree = "<group>"; };
		20C237402F74B34F00D5763E /* SetRow.swift */ = {isa = PBXFileReference; lastKnownFileType = sourcecode.swift; path = SetRow.swift; sourceTree = "<group>"; };
		20C237412F74B34F00D5763E /* ActiveWorkoutCommandPanel.swift */ = {isa = PBXFileReference; lastKnownFileType = sourcecode.swift; path = ActiveWorkoutCommandPanel.swift; sourceTree = "<group>"; };
		20C237422F74B34F00D5763E /* FeaturedRoutineCard.swift */ = {isa = PBXFileReference; lastKnownFileType = sourcecode.swift; path = FeaturedRoutineCard.swift; sourceTree = "<group>"; };
		20C237432F74B34F00D5763E /* RoutineListRow.swift */ = {isa = PBXFileReference; lastKnownFileType = sourcecode.swift; path = RoutineListRow.swift; sourceTree = "<group>"; };
		20C237442F74B34F00D5763E /* EmptyRoutinesPrompt.swift */ = {isa = PBXFileReference; lastKnownFileType = sourcecode.swift; path = EmptyRoutinesPrompt.swift; sourceTree = "<group>"; };
		20D4A0003070000000D5763E /* SwipeableSetRow.swift */ = {isa = PBXFileReference; lastKnownFileType = sourcecode.swift; path = SwipeableSetRow.swift; sourceTree = "<group>"; };
		20C2374A2F74B34F00D5763E /* SummaryStatChip.swift */ = {isa = PBXFileReference; lastKnownFileType = sourcecode.swift; path = SummaryStatChip.swift; sourceTree = "<group>"; };
		20C2374B2F74B34F00D5763E /* SummaryPRBadge.swift */ = {isa = PBXFileReference; lastKnownFileType = sourcecode.swift; path = SummaryPRBadge.swift; sourceTree = "<group>"; };
		20C2374C2F74B34F00D5763E /* SummaryExerciseCard.swift */ = {isa = PBXFileReference; lastKnownFileType = sourcecode.swift; path = SummaryExerciseCard.swift; sourceTree = "<group>"; };
		EC0000012F74B34F00D5763E /* ExerciseHistoryChart.swift */ = {isa = PBXFileReference; lastKnownFileType = sourcecode.swift; path = ExerciseHistoryChart.swift; sourceTree = "<group>"; };
		EC0000022F74B34F00D5763E /* ExerciseHistorySessionCard.swift */ = {isa = PBXFileReference; lastKnownFileType = sourcecode.swift; path = ExerciseHistorySessionCard.swift; sourceTree = "<group>"; };
		EC0000032F74B34F00D5763E /* ExerciseHistoryView.swift */ = {isa = PBXFileReference; lastKnownFileType = sourcecode.swift; path = ExerciseHistoryView.swift; sourceTree = "<group>"; };
		FAAC5CAD25E444D0BEB5B92F /* RoutineSeeder.swift */ = {isa = PBXFileReference; lastKnownFileType = sourcecode.swift; path = RoutineSeeder.swift; sourceTree = "<group>"; };
		HAWD000100002F74B34F00D5 /* HomeActiveWorkoutDashboard.swift */ = {isa = PBXFileReference; lastKnownFileType = sourcecode.swift; path = HomeActiveWorkoutDashboard.swift; sourceTree = "<group>"; };
		HPBC000100002F74B34F00D5 /* HomePreviousBestsCard.swift */ = {isa = PBXFileReference; lastKnownFileType = sourcecode.swift; path = HomePreviousBestsCard.swift; sourceTree = "<group>"; };
/* End PBXFileReference section */

/* Begin PBXFileSystemSynchronizedBuildFileExceptionSet section */
		20C236992F732C8C00D5763E /* Exceptions for "OrinWidgets" folder in "OrinWidgetsExtension" target */ = {
			isa = PBXFileSystemSynchronizedBuildFileExceptionSet;
			membershipExceptions = (
				Info.plist,
			);
			target = 20C236802F732C8A00D5763E /* OrinWidgetsExtension */;
		};
/* End PBXFileSystemSynchronizedBuildFileExceptionSet section */

/* Begin PBXFileSystemSynchronizedRootGroup section */
		205CFF732F69D7E400FFF88C /* OrinTests */ = {
			isa = PBXFileSystemSynchronizedRootGroup;
			path = OrinTests;
			sourceTree = "<group>";
		};
		205CFF7D2F69D7E400FFF88C /* OrinUITests */ = {
			isa = PBXFileSystemSynchronizedRootGroup;
			path = OrinUITests;
			sourceTree = "<group>";
		};
		20C236872F732C8A00D5763E /* OrinWidgets */ = {
			isa = PBXFileSystemSynchronizedRootGroup;
			exceptions = (
				20C236992F732C8C00D5763E /* Exceptions for "OrinWidgets" folder in "OrinWidgetsExtension" target */,
			);
			path = OrinWidgets;
			sourceTree = "<group>";
		};
/* End PBXFileSystemSynchronizedRootGroup section */

/* Begin PBXFrameworksBuildPhase section */
		205CFF5C2F69D7E200FFF88C /* Frameworks */ = {
			isa = PBXFrameworksBuildPhase;
			buildActionMask = 2147483647;
			files = (
			);
			runOnlyForDeploymentPostprocessing = 0;
		};
		205CFF6D2F69D7E400FFF88C /* Frameworks */ = {
			isa = PBXFrameworksBuildPhase;
			buildActionMask = 2147483647;
			files = (
			);
			runOnlyForDeploymentPostprocessing = 0;
		};
		205CFF772F69D7E400FFF88C /* Frameworks */ = {
			isa = PBXFrameworksBuildPhase;
			buildActionMask = 2147483647;
			files = (
			);
			runOnlyForDeploymentPostprocessing = 0;
		};
		20C2367E2F732C8A00D5763E /* Frameworks */ = {
			isa = PBXFrameworksBuildPhase;
			buildActionMask = 2147483647;
			files = (
				20C236862F732C8A00D5763E /* SwiftUI.framework in Frameworks */,
				20C236842F732C8A00D5763E /* WidgetKit.framework in Frameworks */,
			);
			runOnlyForDeploymentPostprocessing = 0;
		};
/* End PBXFrameworksBuildPhase section */

/* Begin PBXGroup section */
		202D9E9C2F85E2C600FC79C9 /* Debug */ = {
			isa = PBXGroup;
			children = (
				202D9E992F85E2C600FC79C9 /* SwipeTunerSheet.swift */,
				202D9E9A2F85E2C600FC79C9 /* SwipeTuningConfig.swift */,
				202D9E9B2F85E2C600FC79C9 /* SwipeTuningManager.swift */,
			);
			path = Debug;
			sourceTree = "<group>";
		};
		205CFF562F69D7E200FFF88C = {
			isa = PBXGroup;
			children = (
				20C236EE2F746D2300D5763E /* Orin */,
				205CFF732F69D7E400FFF88C /* OrinTests */,
				205CFF7D2F69D7E400FFF88C /* OrinUITests */,
				20C236872F732C8A00D5763E /* OrinWidgets */,
				20C236822F732C8A00D5763E /* Frameworks */,
				205CFF602F69D7E200FFF88C /* Products */,
			);
			sourceTree = "<group>";
		};
		205CFF602F69D7E200FFF88C /* Products */ = {
			isa = PBXGroup;
			children = (
				205CFF5F2F69D7E200FFF88C /* Orin.app */,
				205CFF702F69D7E400FFF88C /* OrinTests.xctest */,
				205CFF7A2F69D7E400FFF88C /* OrinUITests.xctest */,
				20C236812F732C8A00D5763E /* OrinWidgetsExtension.appex */,
			);
			name = Products;
			sourceTree = "<group>";
		};
		20A10DC62F776E190053B465 /* Modifiers */ = {
			isa = PBXGroup;
			children = (
				20C236B32F746D2300D5763E /* ProGlassModifier.swift */,
			);
			path = Modifiers;
			sourceTree = "<group>";
		};
		20A10DCF2F78151E0053B465 /* Progress */ = {
			isa = PBXGroup;
			children = (
				20A10DC72F7814980053B465 /* ProgressRootView.swift */,
			);
			path = Progress;
			sourceTree = "<group>";
		};
		20A10DD42F7815A50053B465 /* Library */ = {
			isa = PBXGroup;
			children = (
				20A10DD02F78158F0053B465 /* LibraryRootView.swift */,
			);
			path = Library;
			sourceTree = "<group>";
		};
		20A10DD62F781E0F0053B465 /* Analytics */ = {
			isa = PBXGroup;
			children = (
				20A10DD52F781E0F0053B465 /* ProgressAnalyticsEngine.swift */,
			);
			path = Analytics;
			sourceTree = "<group>";
		};
		20C236822F732C8A00D5763E /* Frameworks */ = {
			isa = PBXGroup;
			children = (
				20C236832F732C8A00D5763E /* WidgetKit.framework */,
				20C236852F732C8A00D5763E /* SwiftUI.framework */,
			);
			name = Frameworks;
			sourceTree = "<group>";
		};
		20C236AD2F746D2300D5763E /* App */ = {
			isa = PBXGroup;
			children = (
				20C236A82F746D2300D5763E /* AccentTheme.swift */,
				20C236A92F746D2300D5763E /* AppState.swift */,
				20C236AA2F746D2300D5763E /* AppView.swift */,
				20C236AB2F746D2300D5763E /* OrinApp.swift */,
			);
			path = App;
			sourceTree = "<group>";
		};
		20C236B72F746D2300D5763E /* Components */ = {
			isa = PBXGroup;
			children = (
				20C236AE2F746D2300D5763E /* Color+Tokens.swift */,
				20C236AF2F746D2300D5763E /* CompactStepper.swift */,
				20A10DD82F781E0F0053B465 /* SwipeValueControl.swift */,
				20C236B02F746D2300D5763E /* GlassPanel.swift */,
				20C236B22F746D2300D5763E /* PlaceholderScreen.swift */,
				20C236B42F746D2300D5763E /* SetTypeChip.swift */,
				20C236B52F746D2300D5763E /* ThemedBackground.swift */,
				20C236B62F746D2300D5763E /* WheelPickerSheet.swift */,
				202D9E852F85533800FC79C9 /* PRBadge.swift */,
			);
			path = Components;
			sourceTree = "<group>";
		};
		20C236C12F746D2300D5763E /* Models */ = {
			isa = PBXGroup;
			children = (
				202D9EA02F87045600FC79C9 /* AITrainingContext.swift */,
				202D9EA12F87045600FC79C9 /* WeeklySnapshot.swift */,
				20C236B82F746D2300D5763E /* BodyWeightEntry.swift */,
				20C236B92F746D2300D5763E /* ExerciseDefinition.swift */,
				20C236BA2F746D2300D5763E /* ExerciseSnapshot.swift */,
				20C236BB2F746D2300D5763E /* RoutineEntry.swift */,
				20C236BC2F746D2300D5763E /* RoutineTemplate.swift */,
				20C236BD2F746D2300D5763E /* SetRecord.swift */,
				20C236BE2F746D2300D5763E /* SetType.swift */,
				20C236BF2F746D2300D5763E /* WorkoutActivityAttributes.swift */,
				20C236C02F746D2300D5763E /* WorkoutSession.swift */,
			);
			path = Models;
			sourceTree = "<group>";
		};
		20C236C32F746D2300D5763E /* Preview */ = {
			isa = PBXGroup;
			children = (
				20A10E202F79C4C80053B465 /* ActiveWorkoutPreviewData.swift */,
				20C2372A2F7479AC00D5763E /* HomePreviewData.swift */,
				20C236C22F746D2300D5763E /* HistoryRootPreviewData.swift */,
			);
			path = Preview;
			sourceTree = "<group>";
		};
		20C236C52F746D2300D5763E /* Resources */ = {
			isa = PBXGroup;
			children = (
				20C236C42F746D2300D5763E /* DesignTokens.swift */,
			);
			path = Resources;
			sourceTree = "<group>";
		};
		20C236CE2F746D2300D5763E /* Services */ = {
			isa = PBXGroup;
			children = (
				202D9EA42F87046300FC79C9 /* SessionService.swift */,
				20C236C62F746D2300D5763E /* ActiveWorkoutService.swift */,
				20C236C72F746D2300D5763E /* ExerciseFrecencyActor.swift */,
				20C236C82F746D2300D5763E /* ExerciseSeeder.swift */,
				FAAC5CAD25E444D0BEB5B92F /* RoutineSeeder.swift */,
				20C236C92F746D2300D5763E /* HomeStatsActor.swift */,
				20C236CB2F746D2300D5763E /* PersistenceController.swift */,
				20C236CC2F746D2300D5763E /* RestTimerState.swift */,
				20C236CD2F746D2300D5763E /* WorkoutActivityManager.swift */,
			);
			path = Services;
			sourceTree = "<group>";
		};
		20C236D52F746D2300D5763E /* ViewModels */ = {
			isa = PBXGroup;
			children = (
				20C236CF2F746D2300D5763E /* ActiveWorkoutViewModel.swift */,
				20C236D02F746D2300D5763E /* ExercisePickerViewModel.swift */,
				20C236D12F746D2300D5763E /* HomeStatsViewModel.swift */,
				20C236D22F746D2300D5763E /* RoutineBuilderViewModel.swift */,
				20C236D32F746D2300D5763E /* ViewModelNamespace.swift */,
				20C236D42F746D2300D5763E /* WorkoutSummaryViewModel.swift */,
			);
			path = ViewModels;
			sourceTree = "<group>";
		};
		20C236DA2F746D2300D5763E /* ActiveWorkout */ = {
			isa = PBXGroup;
			children = (
				20C236D62F746D2300D5763E /* ActiveExerciseCard.swift */,
				20C237412F74B34F00D5763E /* ActiveWorkoutCommandPanel.swift */,
				20C237402F74B34F00D5763E /* SetRow.swift */,
				20D4A0003070000000D5763E /* SwipeableSetRow.swift */,
				20C236D72F746D2300D5763E /* ActiveWorkoutView.swift */,
				20C236D82F746D2300D5763E /* MiniWorkoutBar.swift */,
				20C236D92F746D2300D5763E /* PRMomentOverlay.swift */,
			);
			path = ActiveWorkout;
			sourceTree = "<group>";
		};
		20C236DD2F746D2300D5763E /* History */ = {
			isa = PBXGroup;
			children = (
				20C2372E2F74B34F00D5763E /* DetailStatChip.swift */,
				20C2372F2F74B34F00D5763E /* ExerciseDetailCard.swift */,
				20C236DB2F746D2300D5763E /* HistoryRootView.swift */,
				20C237312F74B34F00D5763E /* SetDetailRow.swift */,
				20C237322F74B34F00D5763E /* SetTypeLabel.swift */,
				EC0000012F74B34F00D5763E /* ExerciseHistoryChart.swift */,
				EC0000022F74B34F00D5763E /* ExerciseHistorySessionCard.swift */,
				EC0000032F74B34F00D5763E /* ExerciseHistoryView.swift */,
				20C236DC2F746D2300D5763E /* WorkoutDetailView.swift */,
			);
			path = History;
			sourceTree = "<group>";
		};
		20C236E42F746D2300D5763E /* Home */ = {
			isa = PBXGroup;
			children = (
				20C237442F74B34F00D5763E /* EmptyRoutinesPrompt.swift */,
				HAWD000100002F74B34F00D5 /* HomeActiveWorkoutDashboard.swift */,
				HPBC000100002F74B34F00D5 /* HomePreviousBestsCard.swift */,
				20C237422F74B34F00D5763E /* FeaturedRoutineCard.swift */,
				20C236DE2F746D2300D5763E /* HomeGreetingView.swift */,
				20C236DF2F746D2300D5763E /* HomeRecentSection.swift */,
				20C236E02F746D2300D5763E /* HomeRootView.swift */,
				20C236E12F746D2300D5763E /* HomeRoutinesSection.swift */,
				20C237432F74B34F00D5763E /* RoutineListRow.swift */,
				20C236E22F746D2300D5763E /* HomeStatChipsRow.swift */,
				20C236E32F746D2300D5763E /* SectionHeader.swift */,
			);
			path = Home;
			sourceTree = "<group>";
		};
		20C236EA2F746D2300D5763E /* Views */ = {
			isa = PBXGroup;
			children = (
				20A10DD42F7815A50053B465 /* Library */,
				20A10DCF2F78151E0053B465 /* Progress */,
				20C236DA2F746D2300D5763E /* ActiveWorkout */,
				20E100001234567800ABCDEF /* Exercise */,
				20C236DD2F746D2300D5763E /* History */,
				20C236E42F746D2300D5763E /* Home */,
				20E100011234567800ABCDEF /* Routines */,
				20C236E82F746D2300D5763E /* SettingsRootView.swift */,
				20E100021234567800ABCDEF /* WorkoutSummary */,
			);
			path = Views;
			sourceTree = "<group>";
		};
		20C236EE2F746D2300D5763E /* Orin */ = {
			isa = PBXGroup;
			children = (
				202D9E9C2F85E2C600FC79C9 /* Debug */,
				20A10DD62F781E0F0053B465 /* Analytics */,
				20A10DC62F776E190053B465 /* Modifiers */,
				20C236AD2F746D2300D5763E /* App */,
				20C236B72F746D2300D5763E /* Components */,
				20C236C12F746D2300D5763E /* Models */,
				20C236C32F746D2300D5763E /* Preview */,
				20C236C52F746D2300D5763E /* Resources */,
				20C236CE2F746D2300D5763E /* Services */,
				20C236D52F746D2300D5763E /* ViewModels */,
				20C236EA2F746D2300D5763E /* Views */,
				20C236EB2F746D2300D5763E /* Assets.xcassets */,
				20C236EC2F746D2300D5763E /* Info.plist */,
				20C236ED2F746D2300D5763E /* Orin.entitlements */,
			);
			path = Orin;
			sourceTree = "<group>";
		};
		20E100001234567800ABCDEF /* Exercise */ = {
			isa = PBXGroup;
			children = (
				20C236E52F746D2300D5763E /* ExerciseEditorView.swift */,
				20C236E62F746D2300D5763E /* ExercisePicker.swift */,
				20C2372D2F74B34F00D5763E /* HighlightedText.swift */,
				20C237352F74B34F00D5763E /* LibraryRow.swift */,
			);
			path = Exercise;
			sourceTree = "<group>";
		};
		20E100011234567800ABCDEF /* Routines */ = {
			isa = PBXGroup;
			children = (
				20C2372C2F74B34F00D5763E /* ExerciseConfigSheet.swift */,
				20C236E72F746D2300D5763E /* RoutineBuilderView.swift */,
			);
			path = Routines;
			sourceTree = "<group>";
		};
		20E100021234567800ABCDEF /* WorkoutSummary */ = {
			isa = PBXGroup;
			children = (
				20C2374C2F74B34F00D5763E /* SummaryExerciseCard.swift */,
				20C2374B2F74B34F00D5763E /* SummaryPRBadge.swift */,
				20C2374A2F74B34F00D5763E /* SummaryStatChip.swift */,
				20C236E92F746D2300D5763E /* WorkoutSummaryView.swift */,
			);
			path = WorkoutSummary;
			sourceTree = "<group>";
		};
/* End PBXGroup section */

/* Begin PBXNativeTarget section */
		205CFF5E2F69D7E200FFF88C /* Orin */ = {
			isa = PBXNativeTarget;
			buildConfigurationList = 205CFF832F69D7E400FFF88C /* Build configuration list for PBXNativeTarget "Orin" */;
			buildPhases = (
				205CFF5B2F69D7E200FFF88C /* Sources */,
				205CFF5C2F69D7E200FFF88C /* Frameworks */,
				205CFF5D2F69D7E200FFF88C /* Resources */,
				20C2369A2F732C8C00D5763E /* Embed Foundation Extensions */,
			);
			buildRules = (
			);
			dependencies = (
				20C236942F732C8C00D5763E /* PBXTargetDependency */,
			);
			name = Orin;
			packageProductDependencies = (
			);
			productName = Heft;
			productReference = 205CFF5F2F69D7E200FFF88C /* Orin.app */;
			productType = "com.apple.product-type.application";
		};
		205CFF6F2F69D7E400FFF88C /* OrinTests */ = {
			isa = PBXNativeTarget;
			buildConfigurationList = 205CFF882F69D7E400FFF88C /* Build configuration list for PBXNativeTarget "OrinTests" */;
			buildPhases = (
				205CFF6C2F69D7E400FFF88C /* Sources */,
				205CFF6D2F69D7E400FFF88C /* Frameworks */,
				205CFF6E2F69D7E400FFF88C /* Resources */,
			);
			buildRules = (
			);
			dependencies = (
				205CFF722F69D7E400FFF88C /* PBXTargetDependency */,
			);
			fileSystemSynchronizedGroups = (
				205CFF732F69D7E400FFF88C /* OrinTests */,
			);
			name = OrinTests;
			packageProductDependencies = (
			);
			productName = HeftTests;
			productReference = 205CFF702F69D7E400FFF88C /* OrinTests.xctest */;
			productType = "com.apple.product-type.bundle.unit-test";
		};
		205CFF792F69D7E400FFF88C /* OrinUITests */ = {
			isa = PBXNativeTarget;
			buildConfigurationList = 205CFF8B2F69D7E400FFF88C /* Build configuration list for PBXNativeTarget "OrinUITests" */;
			buildPhases = (
				205CFF762F69D7E400FFF88C /* Sources */,
				205CFF772F69D7E400FFF88C /* Frameworks */,
				205CFF782F69D7E400FFF88C /* Resources */,
			);
			buildRules = (
			);
			dependencies = (
				205CFF7C2F69D7E400FFF88C /* PBXTargetDependency */,
			);
			fileSystemSynchronizedGroups = (
				205CFF7D2F69D7E400FFF88C /* OrinUITests */,
			);
			name = OrinUITests;
			packageProductDependencies = (
			);
			productName = HeftUITests;
			productReference = 205CFF7A2F69D7E400FFF88C /* OrinUITests.xctest */;
			productType = "com.apple.product-type.bundle.ui-testing";
		};
		20C236802F732C8A00D5763E /* OrinWidgetsExtension */ = {
			isa = PBXNativeTarget;
			buildConfigurationList = 20C236962F732C8C00D5763E /* Build configuration list for PBXNativeTarget "OrinWidgetsExtension" */;
			buildPhases = (
				20C2367D2F732C8A00D5763E /* Sources */,
				20C2367E2F732C8A00D5763E /* Frameworks */,
				20C2367F2F732C8A00D5763E /* Resources */,
			);
			buildRules = (
			);
			dependencies = (
			);
			fileSystemSynchronizedGroups = (
				20C236872F732C8A00D5763E /* OrinWidgets */,
			);
			name = OrinWidgetsExtension;
			packageProductDependencies = (
			);
			productName = OrinWidgetsExtension;
			productReference = 20C236812F732C8A00D5763E /* OrinWidgetsExtension.appex */;
			productType = "com.apple.product-type.app-extension";
		};
/* End PBXNativeTarget section */

/* Begin PBXProject section */
		205CFF572F69D7E200FFF88C /* Project object */ = {
			isa = PBXProject;
			attributes = {
				BuildIndependentTargetsInParallel = 1;
				LastSwiftUpdateCheck = 2630;
				LastUpgradeCheck = 2630;
				TargetAttributes = {
					205CFF5E2F69D7E200FFF88C = {
						CreatedOnToolsVersion = 26.3;
					};
					205CFF6F2F69D7E400FFF88C = {
						CreatedOnToolsVersion = 26.3;
						TestTargetID = 205CFF5E2F69D7E200FFF88C;
					};
					205CFF792F69D7E400FFF88C = {
						CreatedOnToolsVersion = 26.3;
						TestTargetID = 205CFF5E2F69D7E200FFF88C;
					};
					20C236802F732C8A00D5763E = {
						CreatedOnToolsVersion = 26.3;
					};
				};
			};
			buildConfigurationList = 205CFF5A2F69D7E200FFF88C /* Build configuration list for PBXProject "Orin" */;
			developmentRegion = en;
			hasScannedForEncodings = 0;
			knownRegions = (
				en,
				Base,
			);
			mainGroup = 205CFF562F69D7E200FFF88C;
			minimizedProjectReferenceProxies = 1;
			preferredProjectObjectVersion = 77;
			productRefGroup = 205CFF602F69D7E200FFF88C /* Products */;
			projectDirPath = "";
			projectRoot = "";
			targets = (
				205CFF5E2F69D7E200FFF88C /* Orin */,
				205CFF6F2F69D7E400FFF88C /* OrinTests */,
				205CFF792F69D7E400FFF88C /* OrinUITests */,
				20C236802F732C8A00D5763E /* OrinWidgetsExtension */,
			);
		};
/* End PBXProject section */

/* Begin PBXResourcesBuildPhase section */
		205CFF5D2F69D7E200FFF88C /* Resources */ = {
			isa = PBXResourcesBuildPhase;
			buildActionMask = 2147483647;
			files = (
				20C237272F746D2300D5763E /* Assets.xcassets in Resources */,
			);
			runOnlyForDeploymentPostprocessing = 0;
		};
		205CFF6E2F69D7E400FFF88C /* Resources */ = {
			isa = PBXResourcesBuildPhase;
			buildActionMask = 2147483647;
			files = (
			);
			runOnlyForDeploymentPostprocessing = 0;
		};
		205CFF782F69D7E400FFF88C /* Resources */ = {
			isa = PBXResourcesBuildPhase;
			buildActionMask = 2147483647;
			files = (
			);
			runOnlyForDeploymentPostprocessing = 0;
		};
		20C2367F2F732C8A00D5763E /* Resources */ = {
			isa = PBXResourcesBuildPhase;
			buildActionMask = 2147483647;
			files = (
			);
			runOnlyForDeploymentPostprocessing = 0;
		};
/* End PBXResourcesBuildPhase section */

/* Begin PBXSourcesBuildPhase section */
		205CFF5B2F69D7E200FFF88C /* Sources */ = {
			isa = PBXSourcesBuildPhase;
			buildActionMask = 2147483647;
			files = (
				20C236EF2F746D2300D5763E /* AccentTheme.swift in Sources */,
				20C236F02F746D2300D5763E /* AppState.swift in Sources */,
				20C236F12F746D2300D5763E /* AppView.swift in Sources */,
				20C236F22F746D2300D5763E /* OrinApp.swift in Sources */,
				20C2372B2F7479AC00D5763E /* HomePreviewData.swift in Sources */,
				20C236F42F746D2300D5763E /* Color+Tokens.swift in Sources */,
				20C236F52F746D2300D5763E /* CompactStepper.swift in Sources */,
				20A10DD92F781E0F0053B465 /* SwipeValueControl.swift in Sources */,
				20C236F62F746D2300D5763E /* GlassPanel.swift in Sources */,
				20C236F82F746D2300D5763E /* PlaceholderScreen.swift in Sources */,
				20A10DD72F781E0F0053B465 /* ProgressAnalyticsEngine.swift in Sources */,
				20A10DC82F7814980053B465 /* ProgressRootView.swift in Sources */,
				20C236F92F746D2300D5763E /* ProGlassModifier.swift in Sources */,
				20C236FA2F746D2300D5763E /* SetTypeChip.swift in Sources */,
				20C236FB2F746D2300D5763E /* ThemedBackground.swift in Sources */,
				20C236FC2F746D2300D5763E /* WheelPickerSheet.swift in Sources */,
				20C236FD2F746D2300D5763E /* BodyWeightEntry.swift in Sources */,
				202D9EA22F87045600FC79C9 /* AITrainingContext.swift in Sources */,
				202D9EA32F87045600FC79C9 /* WeeklySnapshot.swift in Sources */,
				20C236FE2F746D2300D5763E /* ExerciseDefinition.swift in Sources */,
				20C236FF2F746D2300D5763E /* ExerciseSnapshot.swift in Sources */,
				20C237002F746D2300D5763E /* RoutineEntry.swift in Sources */,
				20C237012F746D2300D5763E /* RoutineTemplate.swift in Sources */,
				20C237022F746D2300D5763E /* SetRecord.swift in Sources */,
				20C237032F746D2300D5763E /* SetType.swift in Sources */,
				20C237042F746D2300D5763E /* WorkoutActivityAttributes.swift in Sources */,
				202D9E862F85533800FC79C9 /* PRBadge.swift in Sources */,
				20A10E212F79C4C80053B465 /* ActiveWorkoutPreviewData.swift in Sources */,
				20C237052F746D2300D5763E /* WorkoutSession.swift in Sources */,
				20C237062F746D2300D5763E /* HistoryRootPreviewData.swift in Sources */,
				20C237072F746D2300D5763E /* DesignTokens.swift in Sources */,
				20A10DD12F78158F0053B465 /* LibraryRootView.swift in Sources */,
				20C237082F746D2300D5763E /* ActiveWorkoutService.swift in Sources */,
				20C237092F746D2300D5763E /* ExerciseFrecencyActor.swift in Sources */,
				20C2370A2F746D2300D5763E /* ExerciseSeeder.swift in Sources */,
				3F09140969524567A3DCB51E /* RoutineSeeder.swift in Sources */,
				20C2370B2F746D2300D5763E /* HomeStatsActor.swift in Sources */,
				20C2370D2F746D2300D5763E /* PersistenceController.swift in Sources */,
				20C2370E2F746D2300D5763E /* RestTimerState.swift in Sources */,
				20C2370F2F746D2300D5763E /* WorkoutActivityManager.swift in Sources */,
				20C237102F746D2300D5763E /* ActiveWorkoutViewModel.swift in Sources */,
				20C237112F746D2300D5763E /* ExercisePickerViewModel.swift in Sources */,
				20C237122F746D2300D5763E /* HomeStatsViewModel.swift in Sources */,
				20C237132F746D2300D5763E /* RoutineBuilderViewModel.swift in Sources */,
				20C237142F746D2300D5763E /* ViewModelNamespace.swift in Sources */,
				20C237152F746D2300D5763E /* WorkoutSummaryViewModel.swift in Sources */,
				20C237162F746D2300D5763E /* ActiveExerciseCard.swift in Sources */,
				20C237172F746D2300D5763E /* ActiveWorkoutView.swift in Sources */,
				20C237182F746D2300D5763E /* MiniWorkoutBar.swift in Sources */,
				20C237192F746D2300D5763E /* PRMomentOverlay.swift in Sources */,
				20C2371A2F746D2300D5763E /* HistoryRootView.swift in Sources */,
				20C2371B2F746D2300D5763E /* WorkoutDetailView.swift in Sources */,
				20C2371C2F746D2300D5763E /* HomeGreetingView.swift in Sources */,
				20C2371D2F746D2300D5763E /* HomeRecentSection.swift in Sources */,
				20C2371E2F746D2300D5763E /* HomeRootView.swift in Sources */,
				20C2371F2F746D2300D5763E /* HomeRoutinesSection.swift in Sources */,
				20C237202F746D2300D5763E /* HomeStatChipsRow.swift in Sources */,
				20C237212F746D2300D5763E /* SectionHeader.swift in Sources */,
				20C237222F746D2300D5763E /* ExerciseEditorView.swift in Sources */,
				20C237232F746D2300D5763E /* ExercisePicker.swift in Sources */,
				20C237362F74B34F00D5763E /* LibraryRow.swift in Sources */,
				20C237372F74B34F00D5763E /* HighlightedText.swift in Sources */,
				20C237392F74B34F00D5763E /* SetDetailRow.swift in Sources */,
				20C2373A2F74B34F00D5763E /* ExerciseConfigSheet.swift in Sources */,
				20C2373B2F74B34F00D5763E /* SetTypeLabel.swift in Sources */,
				20C2373D2F74B34F00D5763E /* ExerciseDetailCard.swift in Sources */,
				20C2373E2F74B34F00D5763E /* DetailStatChip.swift in Sources */,
				EC0000042F74B34F00D5763E /* ExerciseHistoryChart.swift in Sources */,
				EC0000052F74B34F00D5763E /* ExerciseHistorySessionCard.swift in Sources */,
				EC0000062F74B34F00D5763E /* ExerciseHistoryView.swift in Sources */,
				20C237452F74B34F00D5763E /* SetRow.swift in Sources */,
				20D4A0013070000000D5763E /* SwipeableSetRow.swift in Sources */,
				20C237462F74B34F00D5763E /* ActiveWorkoutCommandPanel.swift in Sources */,
				20C237472F74B34F00D5763E /* FeaturedRoutineCard.swift in Sources */,
				20C237482F74B34F00D5763E /* RoutineListRow.swift in Sources */,
				20C237492F74B34F00D5763E /* EmptyRoutinesPrompt.swift in Sources */,
				202D9EA52F87046300FC79C9 /* SessionService.swift in Sources */,
				HAWD000200002F74B34F00D5 /* HomeActiveWorkoutDashboard.swift in Sources */,
				HPBC000200002F74B34F00D5 /* HomePreviousBestsCard.swift in Sources */,
				20C237242F746D2300D5763E /* RoutineBuilderView.swift in Sources */,
				20C237252F746D2300D5763E /* SettingsRootView.swift in Sources */,
				20C2374D2F74B34F00D5763E /* SummaryStatChip.swift in Sources */,
				20C2374E2F74B34F00D5763E /* SummaryPRBadge.swift in Sources */,
				202D9E9D2F85E2C600FC79C9 /* SwipeTuningManager.swift in Sources */,
				202D9E9E2F85E2C600FC79C9 /* SwipeTuningConfig.swift in Sources */,
				202D9E9F2F85E2C600FC79C9 /* SwipeTunerSheet.swift in Sources */,
				20C2374F2F74B34F00D5763E /* SummaryExerciseCard.swift in Sources */,
				20C237262F746D2300D5763E /* WorkoutSummaryView.swift in Sources */,
			);
			runOnlyForDeploymentPostprocessing = 0;
		};
		205CFF6C2F69D7E400FFF88C /* Sources */ = {
			isa = PBXSourcesBuildPhase;
			buildActionMask = 2147483647;
			files = (
			);
			runOnlyForDeploymentPostprocessing = 0;
		};
		205CFF762F69D7E400FFF88C /* Sources */ = {
			isa = PBXSourcesBuildPhase;
			buildActionMask = 2147483647;
			files = (
			);
			runOnlyForDeploymentPostprocessing = 0;
		};
		20C2367D2F732C8A00D5763E /* Sources */ = {
			isa = PBXSourcesBuildPhase;
			buildActionMask = 2147483647;
			files = (
				20C237292F746D2300D5763E /* WorkoutActivityAttributes.swift in Sources */,
			);
			runOnlyForDeploymentPostprocessing = 0;
		};
/* End PBXSourcesBuildPhase section */

/* Begin PBXTargetDependency section */
		205CFF722F69D7E400FFF88C /* PBXTargetDependency */ = {
			isa = PBXTargetDependency;
			target = 205CFF5E2F69D7E200FFF88C /* Orin */;
			targetProxy = 205CFF712F69D7E400FFF88C /* PBXContainerItemProxy */;
		};
		205CFF7C2F69D7E400FFF88C /* PBXTargetDependency */ = {
			isa = PBXTargetDependency;
			target = 205CFF5E2F69D7E200FFF88C /* Orin */;
			targetProxy = 205CFF7B2F69D7E400FFF88C /* PBXContainerItemProxy */;
		};
		20C236942F732C8C00D5763E /* PBXTargetDependency */ = {
			isa = PBXTargetDependency;
			target = 20C236802F732C8A00D5763E /* OrinWidgetsExtension */;
			targetProxy = 20C236932F732C8C00D5763E /* PBXContainerItemProxy */;
		};
/* End PBXTargetDependency section */

/* Begin XCBuildConfiguration section */
		205CFF842F69D7E400FFF88C /* Debug */ = {
			isa = XCBuildConfiguration;
			buildSettings = {
				ASSETCATALOG_COMPILER_APPICON_NAME = AppIcon;
				ASSETCATALOG_COMPILER_GLOBAL_ACCENT_COLOR_NAME = AccentColor;
				CODE_SIGN_ENTITLEMENTS = Orin/Orin.entitlements;
				CODE_SIGN_STYLE = Automatic;
				CURRENT_PROJECT_VERSION = 2;
				DEVELOPMENT_TEAM = S6KMR5L99B;
				ENABLE_PREVIEWS = YES;
				GENERATE_INFOPLIST_FILE = YES;
				INFOPLIST_FILE = Orin/Info.plist;
				INFOPLIST_KEY_CFBundleDisplayName = Orin;
				INFOPLIST_KEY_LSApplicationCategoryType = "public.app-category.healthcare-fitness";
				INFOPLIST_KEY_NSSupportsLiveActivities = YES;
				INFOPLIST_KEY_UIApplicationSceneManifest_Generation = YES;
				INFOPLIST_KEY_UIApplicationSupportsIndirectInputEvents = YES;
				INFOPLIST_KEY_UILaunchScreen_Generation = YES;
				INFOPLIST_KEY_UISupportedInterfaceOrientations_iPad = "UIInterfaceOrientationPortrait UIInterfaceOrientationPortraitUpsideDown UIInterfaceOrientationLandscapeLeft UIInterfaceOrientationLandscapeRight";
				INFOPLIST_KEY_UISupportedInterfaceOrientations_iPhone = "UIInterfaceOrientationPortrait UIInterfaceOrientationLandscapeLeft UIInterfaceOrientationLandscapeRight";
				INFOPLIST_KEY_UIUserInterfaceStyle = Dark;
				IPHONEOS_DEPLOYMENT_TARGET = 26.1;
				LD_RUNPATH_SEARCH_PATHS = (
					"$(inherited)",
					"@executable_path/Frameworks",
				);
				MARKETING_VERSION = 1.0;
				PRODUCT_BUNDLE_IDENTIFIER = MysticByte.Orin;
				PRODUCT_NAME = "$(TARGET_NAME)";
				STRING_CATALOG_GENERATE_SYMBOLS = YES;
				SWIFT_APPROACHABLE_CONCURRENCY = YES;
				SWIFT_DEFAULT_ACTOR_ISOLATION = MainActor;
				SWIFT_EMIT_LOC_STRINGS = YES;
				SWIFT_STRICT_CONCURRENCY = complete;
				SWIFT_UPCOMING_FEATURE_MEMBER_IMPORT_VISIBILITY = YES;
				SWIFT_VERSION = 6.0;
				TARGETED_DEVICE_FAMILY = "1,2";
			};
			name = Debug;
		};
		205CFF852F69D7E400FFF88C /* Release */ = {
			isa = XCBuildConfiguration;
			buildSettings = {
				ASSETCATALOG_COMPILER_APPICON_NAME = AppIcon;
				ASSETCATALOG_COMPILER_GLOBAL_ACCENT_COLOR_NAME = AccentColor;
				CODE_SIGN_ENTITLEMENTS = Orin/Orin.entitlements;
				CODE_SIGN_STYLE = Automatic;
				CURRENT_PROJECT_VERSION = 2;
				DEVELOPMENT_TEAM = S6KMR5L99B;
				ENABLE_PREVIEWS = YES;
				GENERATE_INFOPLIST_FILE = YES;
				INFOPLIST_FILE = Orin/Info.plist;
				INFOPLIST_KEY_CFBundleDisplayName = Orin;
				INFOPLIST_KEY_LSApplicationCategoryType = "public.app-category.healthcare-fitness";
				INFOPLIST_KEY_NSSupportsLiveActivities = YES;
				INFOPLIST_KEY_UIApplicationSceneManifest_Generation = YES;
				INFOPLIST_KEY_UIApplicationSupportsIndirectInputEvents = YES;
				INFOPLIST_KEY_UILaunchScreen_Generation = YES;
				INFOPLIST_KEY_UISupportedInterfaceOrientations_iPad = "UIInterfaceOrientationPortrait UIInterfaceOrientationPortraitUpsideDown UIInterfaceOrientationLandscapeLeft UIInterfaceOrientationLandscapeRight";
				INFOPLIST_KEY_UISupportedInterfaceOrientations_iPhone = "UIInterfaceOrientationPortrait UIInterfaceOrientationLandscapeLeft UIInterfaceOrientationLandscapeRight";
				INFOPLIST_KEY_UIUserInterfaceStyle = Dark;
				IPHONEOS_DEPLOYMENT_TARGET = 26.1;
				LD_RUNPATH_SEARCH_PATHS = (
					"$(inherited)",
					"@executable_path/Frameworks",
				);
				MARKETING_VERSION = 1.0;
				PRODUCT_BUNDLE_IDENTIFIER = MysticByte.Orin;
				PRODUCT_NAME = "$(TARGET_NAME)";
				STRING_CATALOG_GENERATE_SYMBOLS = YES;
				SWIFT_APPROACHABLE_CONCURRENCY = YES;
				SWIFT_DEFAULT_ACTOR_ISOLATION = MainActor;
				SWIFT_EMIT_LOC_STRINGS = YES;
				SWIFT_STRICT_CONCURRENCY = complete;
				SWIFT_UPCOMING_FEATURE_MEMBER_IMPORT_VISIBILITY = YES;
				SWIFT_VERSION = 6.0;
				TARGETED_DEVICE_FAMILY = "1,2";
			};
			name = Release;
		};
		205CFF862F69D7E400FFF88C /* Debug */ = {
			isa = XCBuildConfiguration;
			buildSettings = {
				ALWAYS_SEARCH_USER_PATHS = NO;
				ASSETCATALOG_COMPILER_GENERATE_SWIFT_ASSET_SYMBOL_EXTENSIONS = NO;
				CLANG_ANALYZER_NONNULL = YES;
				CLANG_ANALYZER_NUMBER_OBJECT_CONVERSION = YES_AGGRESSIVE;
				CLANG_CXX_LANGUAGE_STANDARD = "gnu++20";
				CLANG_ENABLE_MODULES = YES;
				CLANG_ENABLE_OBJC_ARC = YES;
				CLANG_ENABLE_OBJC_WEAK = YES;
				CLANG_WARN_BLOCK_CAPTURE_AUTORELEASING = YES;
				CLANG_WARN_BOOL_CONVERSION = YES;
				CLANG_WARN_COMMA = YES;
				CLANG_WARN_CONSTANT_CONVERSION = YES;
				CLANG_WARN_DEPRECATED_OBJC_IMPLEMENTATIONS = YES;
				CLANG_WARN_DIRECT_OBJC_ISA_USAGE = YES_ERROR;
				CLANG_WARN_DOCUMENTATION_COMMENTS = YES;
				CLANG_WARN_EMPTY_BODY = YES;
				CLANG_WARN_ENUM_CONVERSION = YES;
				CLANG_WARN_INFINITE_RECURSION = YES;
				CLANG_WARN_INT_CONVERSION = YES;
				CLANG_WARN_NON_LITERAL_NULL_CONVERSION = YES;
				CLANG_WARN_OBJC_IMPLICIT_RETAIN_SELF = YES;
				CLANG_WARN_OBJC_LITERAL_CONVERSION = YES;
				CLANG_WARN_OBJC_ROOT_CLASS = YES_ERROR;
				CLANG_WARN_QUOTED_INCLUDE_IN_FRAMEWORK_HEADER = YES;
				CLANG_WARN_RANGE_LOOP_ANALYSIS = YES;
				CLANG_WARN_STRICT_PROTOTYPES = YES;
				CLANG_WARN_SUSPICIOUS_MOVE = YES;
				CLANG_WARN_UNGUARDED_AVAILABILITY = YES_AGGRESSIVE;
				CLANG_WARN_UNREACHABLE_CODE = YES;
				CLANG_WARN__DUPLICATE_METHOD_MATCH = YES;
				COPY_PHASE_STRIP = NO;
				DEBUG_INFORMATION_FORMAT = dwarf;
				DEVELOPMENT_TEAM = S6KMR5L99B;
				ENABLE_STRICT_OBJC_MSGSEND = YES;
				ENABLE_TESTABILITY = YES;
				ENABLE_USER_SCRIPT_SANDBOXING = YES;
				GCC_C_LANGUAGE_STANDARD = gnu17;
				GCC_DYNAMIC_NO_PIC = NO;
				GCC_NO_COMMON_BLOCKS = YES;
				GCC_OPTIMIZATION_LEVEL = 0;
				GCC_PREPROCESSOR_DEFINITIONS = (
					"DEBUG=1",
					"$(inherited)",
				);
				GCC_WARN_64_TO_32_BIT_CONVERSION = YES;
				GCC_WARN_ABOUT_RETURN_TYPE = YES_ERROR;
				GCC_WARN_UNDECLARED_SELECTOR = YES;
				GCC_WARN_UNINITIALIZED_AUTOS = YES_AGGRESSIVE;
				GCC_WARN_UNUSED_FUNCTION = YES;
				GCC_WARN_UNUSED_VARIABLE = YES;
				IPHONEOS_DEPLOYMENT_TARGET = 26.0;
				LOCALIZATION_PREFERS_STRING_CATALOGS = YES;
				MTL_ENABLE_DEBUG_INFO = INCLUDE_SOURCE;
				MTL_FAST_MATH = YES;
				ONLY_ACTIVE_ARCH = YES;
				SDKROOT = iphoneos;
				SWIFT_ACTIVE_COMPILATION_CONDITIONS = "DEBUG $(inherited)";
				SWIFT_OPTIMIZATION_LEVEL = "-Onone";
				SWIFT_STRICT_CONCURRENCY = complete;
				SWIFT_VERSION = 6.0;
			};
			name = Debug;
		};
		205CFF872F69D7E400FFF88C /* Release */ = {
			isa = XCBuildConfiguration;
			buildSettings = {
				ALWAYS_SEARCH_USER_PATHS = NO;
				ASSETCATALOG_COMPILER_GENERATE_SWIFT_ASSET_SYMBOL_EXTENSIONS = NO;
				CLANG_ANALYZER_NONNULL = YES;
				CLANG_ANALYZER_NUMBER_OBJECT_CONVERSION = YES_AGGRESSIVE;
				CLANG_CXX_LANGUAGE_STANDARD = "gnu++20";
				CLANG_ENABLE_MODULES = YES;
				CLANG_ENABLE_OBJC_ARC = YES;
				CLANG_ENABLE_OBJC_WEAK = YES;
				CLANG_WARN_BLOCK_CAPTURE_AUTORELEASING = YES;
				CLANG_WARN_BOOL_CONVERSION = YES;
				CLANG_WARN_COMMA = YES;
				CLANG_WARN_CONSTANT_CONVERSION = YES;
				CLANG_WARN_DEPRECATED_OBJC_IMPLEMENTATIONS = YES;
				CLANG_WARN_DIRECT_OBJC_ISA_USAGE = YES_ERROR;
				CLANG_WARN_DOCUMENTATION_COMMENTS = YES;
				CLANG_WARN_EMPTY_BODY = YES;
				CLANG_WARN_ENUM_CONVERSION = YES;
				CLANG_WARN_INFINITE_RECURSION = YES;
				CLANG_WARN_INT_CONVERSION = YES;
				CLANG_WARN_NON_LITERAL_NULL_CONVERSION = YES;
				CLANG_WARN_OBJC_IMPLICIT_RETAIN_SELF = YES;
				CLANG_WARN_OBJC_LITERAL_CONVERSION = YES;
				CLANG_WARN_OBJC_ROOT_CLASS = YES_ERROR;
				CLANG_WARN_QUOTED_INCLUDE_IN_FRAMEWORK_HEADER = YES;
				CLANG_WARN_RANGE_LOOP_ANALYSIS = YES;
				CLANG_WARN_STRICT_PROTOTYPES = YES;
				CLANG_WARN_SUSPICIOUS_MOVE = YES;
				CLANG_WARN_UNGUARDED_AVAILABILITY = YES_AGGRESSIVE;
				CLANG_WARN_UNREACHABLE_CODE = YES;
				CLANG_WARN__DUPLICATE_METHOD_MATCH = YES;
				COPY_PHASE_STRIP = NO;
				DEBUG_INFORMATION_FORMAT = "dwarf-with-dsym";
				DEVELOPMENT_TEAM = S6KMR5L99B;
				ENABLE_NS_ASSERTIONS = NO;
				ENABLE_STRICT_OBJC_MSGSEND = YES;
				ENABLE_USER_SCRIPT_SANDBOXING = YES;
				GCC_C_LANGUAGE_STANDARD = gnu17;
				GCC_NO_COMMON_BLOCKS = YES;
				GCC_WARN_64_TO_32_BIT_CONVERSION = YES;
				GCC_WARN_ABOUT_RETURN_TYPE = YES_ERROR;
				GCC_WARN_UNDECLARED_SELECTOR = YES;
				GCC_WARN_UNINITIALIZED_AUTOS = YES_AGGRESSIVE;
				GCC_WARN_UNUSED_FUNCTION = YES;
				GCC_WARN_UNUSED_VARIABLE = YES;
				IPHONEOS_DEPLOYMENT_TARGET = 26.0;
				LOCALIZATION_PREFERS_STRING_CATALOGS = YES;
				MTL_ENABLE_DEBUG_INFO = NO;
				MTL_FAST_MATH = YES;
				SDKROOT = iphoneos;
				SWIFT_COMPILATION_MODE = wholemodule;
				SWIFT_STRICT_CONCURRENCY = complete;
				SWIFT_VERSION = 6.0;
				VALIDATE_PRODUCT = YES;
			};
			name = Release;
		};
		205CFF892F69D7E400FFF88C /* Debug */ = {
			isa = XCBuildConfiguration;
			buildSettings = {
				BUNDLE_LOADER = "$(TEST_HOST)";
				CODE_SIGN_STYLE = Automatic;
				CURRENT_PROJECT_VERSION = 1;
				DEVELOPMENT_TEAM = S6KMR5L99B;
				GENERATE_INFOPLIST_FILE = YES;
				IPHONEOS_DEPLOYMENT_TARGET = 26.1;
				MARKETING_VERSION = 1.0;
				PRODUCT_BUNDLE_IDENTIFIER = MysticByte.OrinTests;
				PRODUCT_NAME = "$(TARGET_NAME)";
				STRING_CATALOG_GENERATE_SYMBOLS = NO;
				SWIFT_APPROACHABLE_CONCURRENCY = YES;
				SWIFT_EMIT_LOC_STRINGS = NO;
				SWIFT_STRICT_CONCURRENCY = complete;
				SWIFT_UPCOMING_FEATURE_MEMBER_IMPORT_VISIBILITY = YES;
				SWIFT_VERSION = 6.0;
				TARGETED_DEVICE_FAMILY = "1,2";
				TEST_HOST = "$(BUILT_PRODUCTS_DIR)/Orin.app/$(BUNDLE_EXECUTABLE_FOLDER_PATH)/Orin";
			};
			name = Debug;
		};
		205CFF8A2F69D7E400FFF88C /* Release */ = {
			isa = XCBuildConfiguration;
			buildSettings = {
				BUNDLE_LOADER = "$(TEST_HOST)";
				CODE_SIGN_STYLE = Automatic;
				CURRENT_PROJECT_VERSION = 1;
				DEVELOPMENT_TEAM = S6KMR5L99B;
				GENERATE_INFOPLIST_FILE = YES;
				IPHONEOS_DEPLOYMENT_TARGET = 26.1;
				MARKETING_VERSION = 1.0;
				PRODUCT_BUNDLE_IDENTIFIER = MysticByte.OrinTests;
				PRODUCT_NAME = "$(TARGET_NAME)";
				STRING_CATALOG_GENERATE_SYMBOLS = NO;
				SWIFT_APPROACHABLE_CONCURRENCY = YES;
				SWIFT_EMIT_LOC_STRINGS = NO;
				SWIFT_STRICT_CONCURRENCY = complete;
				SWIFT_UPCOMING_FEATURE_MEMBER_IMPORT_VISIBILITY = YES;
				SWIFT_VERSION = 6.0;
				TARGETED_DEVICE_FAMILY = "1,2";
				TEST_HOST = "$(BUILT_PRODUCTS_DIR)/Orin.app/$(BUNDLE_EXECUTABLE_FOLDER_PATH)/Orin";
			};
			name = Release;
		};
		205CFF8C2F69D7E400FFF88C /* Debug */ = {
			isa = XCBuildConfiguration;
			buildSettings = {
				CODE_SIGN_STYLE = Automatic;
				CURRENT_PROJECT_VERSION = 1;
				DEVELOPMENT_TEAM = S6KMR5L99B;
				GENERATE_INFOPLIST_FILE = YES;
				IPHONEOS_DEPLOYMENT_TARGET = 26.1;
				MARKETING_VERSION = 1.0;
				PRODUCT_BUNDLE_IDENTIFIER = MysticByte.OrinUITests;
				PRODUCT_NAME = "$(TARGET_NAME)";
				STRING_CATALOG_GENERATE_SYMBOLS = NO;
				SWIFT_APPROACHABLE_CONCURRENCY = YES;
				SWIFT_EMIT_LOC_STRINGS = NO;
				SWIFT_STRICT_CONCURRENCY = complete;
				SWIFT_UPCOMING_FEATURE_MEMBER_IMPORT_VISIBILITY = YES;
				SWIFT_VERSION = 6.0;
				TARGETED_DEVICE_FAMILY = "1,2";
				TEST_TARGET_NAME = Heft;
			};
			name = Debug;
		};
		205CFF8D2F69D7E400FFF88C /* Release */ = {
			isa = XCBuildConfiguration;
			buildSettings = {
				CODE_SIGN_STYLE = Automatic;
				CURRENT_PROJECT_VERSION = 1;
				DEVELOPMENT_TEAM = S6KMR5L99B;
				GENERATE_INFOPLIST_FILE = YES;
				IPHONEOS_DEPLOYMENT_TARGET = 26.1;
				MARKETING_VERSION = 1.0;
				PRODUCT_BUNDLE_IDENTIFIER = MysticByte.OrinUITests;
				PRODUCT_NAME = "$(TARGET_NAME)";
				STRING_CATALOG_GENERATE_SYMBOLS = NO;
				SWIFT_APPROACHABLE_CONCURRENCY = YES;
				SWIFT_EMIT_LOC_STRINGS = NO;
				SWIFT_STRICT_CONCURRENCY = complete;
				SWIFT_UPCOMING_FEATURE_MEMBER_IMPORT_VISIBILITY = YES;
				SWIFT_VERSION = 6.0;
				TARGETED_DEVICE_FAMILY = "1,2";
				TEST_TARGET_NAME = Heft;
			};
			name = Release;
		};
		20C236972F732C8C00D5763E /* Debug */ = {
			isa = XCBuildConfiguration;
			buildSettings = {
				ASSETCATALOG_COMPILER_GENERATE_SWIFT_ASSET_SYMBOL_EXTENSIONS = YES;
				ASSETCATALOG_COMPILER_GLOBAL_ACCENT_COLOR_NAME = AccentColor;
				ASSETCATALOG_COMPILER_WIDGET_BACKGROUND_COLOR_NAME = WidgetBackground;
				CODE_SIGN_STYLE = Automatic;
				CURRENT_PROJECT_VERSION = 1;
				DEVELOPMENT_TEAM = S6KMR5L99B;
				GENERATE_INFOPLIST_FILE = YES;
				INFOPLIST_FILE = OrinWidgets/Info.plist;
				INFOPLIST_KEY_CFBundleDisplayName = OrinWidgets;
				INFOPLIST_KEY_NSHumanReadableCopyright = "";
				IPHONEOS_DEPLOYMENT_TARGET = 26.2;
				LD_RUNPATH_SEARCH_PATHS = (
					"$(inherited)",
					"@executable_path/Frameworks",
					"@executable_path/../../Frameworks",
				);
				MARKETING_VERSION = 1.0;
				PRODUCT_BUNDLE_IDENTIFIER = MysticByte.Orin.OrinWidgets;
				PRODUCT_NAME = "$(TARGET_NAME)";
				SKIP_INSTALL = YES;
				STRING_CATALOG_GENERATE_SYMBOLS = YES;
				SWIFT_APPROACHABLE_CONCURRENCY = YES;
				SWIFT_EMIT_LOC_STRINGS = YES;
				SWIFT_UPCOMING_FEATURE_MEMBER_IMPORT_VISIBILITY = YES;
				SWIFT_VERSION = 5.0;
				TARGETED_DEVICE_FAMILY = "1,2";
			};
			name = Debug;
		};
		20C236982F732C8C00D5763E /* Release */ = {
			isa = XCBuildConfiguration;
			buildSettings = {
				ASSETCATALOG_COMPILER_GENERATE_SWIFT_ASSET_SYMBOL_EXTENSIONS = YES;
				ASSETCATALOG_COMPILER_GLOBAL_ACCENT_COLOR_NAME = AccentColor;
				ASSETCATALOG_COMPILER_WIDGET_BACKGROUND_COLOR_NAME = WidgetBackground;
				CODE_SIGN_STYLE = Automatic;
				CURRENT_PROJECT_VERSION = 1;
				DEVELOPMENT_TEAM = S6KMR5L99B;
				GENERATE_INFOPLIST_FILE = YES;
				INFOPLIST_FILE = OrinWidgets/Info.plist;
				INFOPLIST_KEY_CFBundleDisplayName = OrinWidgets;
				INFOPLIST_KEY_NSHumanReadableCopyright = "";
				IPHONEOS_DEPLOYMENT_TARGET = 26.2;
				LD_RUNPATH_SEARCH_PATHS = (
					"$(inherited)",
					"@executable_path/Frameworks",
					"@executable_path/../../Frameworks",
				);
				MARKETING_VERSION = 1.0;
				PRODUCT_BUNDLE_IDENTIFIER = MysticByte.Orin.OrinWidgets;
				PRODUCT_NAME = "$(TARGET_NAME)";
				SKIP_INSTALL = YES;
				STRING_CATALOG_GENERATE_SYMBOLS = YES;
				SWIFT_APPROACHABLE_CONCURRENCY = YES;
				SWIFT_EMIT_LOC_STRINGS = YES;
				SWIFT_UPCOMING_FEATURE_MEMBER_IMPORT_VISIBILITY = YES;
				SWIFT_VERSION = 5.0;
				TARGETED_DEVICE_FAMILY = "1,2";
			};
			name = Release;
		};
/* End XCBuildConfiguration section */

/* Begin XCConfigurationList section */
		205CFF5A2F69D7E200FFF88C /* Build configuration list for PBXProject "Orin" */ = {
			isa = XCConfigurationList;
			buildConfigurations = (
				205CFF862F69D7E400FFF88C /* Debug */,
				205CFF872F69D7E400FFF88C /* Release */,
			);
			defaultConfigurationIsVisible = 0;
			defaultConfigurationName = Release;
		};
		205CFF832F69D7E400FFF88C /* Build configuration list for PBXNativeTarget "Orin" */ = {
			isa = XCConfigurationList;
			buildConfigurations = (
				205CFF842F69D7E400FFF88C /* Debug */,
				205CFF852F69D7E400FFF88C /* Release */,
			);
			defaultConfigurationIsVisible = 0;
			defaultConfigurationName = Release;
		};
		205CFF882F69D7E400FFF88C /* Build configuration list for PBXNativeTarget "OrinTests" */ = {
			isa = XCConfigurationList;
			buildConfigurations = (
				205CFF892F69D7E400FFF88C /* Debug */,
				205CFF8A2F69D7E400FFF88C /* Release */,
			);
			defaultConfigurationIsVisible = 0;
			defaultConfigurationName = Release;
		};
		205CFF8B2F69D7E400FFF88C /* Build configuration list for PBXNativeTarget "OrinUITests" */ = {
			isa = XCConfigurationList;
			buildConfigurations = (
				205CFF8C2F69D7E400FFF88C /* Debug */,
				205CFF8D2F69D7E400FFF88C /* Release */,
			);
			defaultConfigurationIsVisible = 0;
			defaultConfigurationName = Release;
		};
		20C236962F732C8C00D5763E /* Build configuration list for PBXNativeTarget "OrinWidgetsExtension" */ = {
			isa = XCConfigurationList;
			buildConfigurations = (
				20C236972F732C8C00D5763E /* Debug */,
				20C236982F732C8C00D5763E /* Release */,
			);
			defaultConfigurationIsVisible = 0;
			defaultConfigurationName = Release;
		};
/* End XCConfigurationList section */
	};
	rootObject = 205CFF572F69D7E200FFF88C /* Project object */;
}
