// !$*UTF8*$!
{
	archiveVersion = 1;
	classes = {
	};
	objectVersion = 77;
	objects = {

/* Begin PBXBuildFile section */
		20C236842F732C8A00D5763E /* WidgetKit.framework in Frameworks */ = {isa = PBXBuildFile; fileRef = 20C236832F732C8A00D5763E /* WidgetKit.framework */; };
		20C236862F732C8A00D5763E /* SwiftUI.framework in Frameworks */ = {isa = PBXBuildFile; fileRef = 20C236852F732C8A00D5763E /* SwiftUI.framework */; };
		20C236952F732C8C00D5763E /* RYFTWidgetsExtension.appex in Embed Foundation Extensions */ = {isa = PBXBuildFile; fileRef = 20C236812F732C8A00D5763E /* RYFTWidgetsExtension.appex */; settings = {ATTRIBUTES = (RemoveHeadersOnCopy, ); }; };
/* End PBXBuildFile section */

/* Begin PBXContainerItemProxy section */
		205CFF712F69D7E400FFF88C /* PBXContainerItemProxy */ = {
			isa = PBXContainerItemProxy;
			containerPortal = 205CFF572F69D7E200FFF88C /* Project object */;
			proxyType = 1;
			remoteGlobalIDString = 205CFF5E2F69D7E200FFF88C;
			remoteInfo = Heft;
		};
		205CFF7B2F69D7E400FFF88C /* PBXContainerItemProxy */ = {
			isa = PBXContainerItemProxy;
			containerPortal = 205CFF572F69D7E200FFF88C /* Project object */;
			proxyType = 1;
			remoteGlobalIDString = 205CFF5E2F69D7E200FFF88C;
			remoteInfo = Heft;
		};
		20C236932F732C8C00D5763E /* PBXContainerItemProxy */ = {
			isa = PBXContainerItemProxy;
			containerPortal = 205CFF572F69D7E200FFF88C /* Project object */;
			proxyType = 1;
			remoteGlobalIDString = 20C236802F732C8A00D5763E;
			remoteInfo = RYFTWidgetsExtension;
		};
/* End PBXContainerItemProxy section */

/* Begin PBXCopyFilesBuildPhase section */
		20C2369A2F732C8C00D5763E /* Embed Foundation Extensions */ = {
			isa = PBXCopyFilesBuildPhase;
			buildActionMask = 2147483647;
			dstPath = "";
			dstSubfolderSpec = 13;
			files = (
				20C236952F732C8C00D5763E /* RYFTWidgetsExtension.appex in Embed Foundation Extensions */,
			);
			name = "Embed Foundation Extensions";
			runOnlyForDeploymentPostprocessing = 0;
		};
/* End PBXCopyFilesBuildPhase section */

/* Begin PBXFileReference section */
		205CFF5F2F69D7E200FFF88C /* RYFT.app */ = {isa = PBXFileReference; explicitFileType = wrapper.application; includeInIndex = 0; path = RYFT.app; sourceTree = BUILT_PRODUCTS_DIR; };
		205CFF702F69D7E400FFF88C /* RYFTTests.xctest */ = {isa = PBXFileReference; explicitFileType = wrapper.cfbundle; includeInIndex = 0; path = RYFTTests.xctest; sourceTree = BUILT_PRODUCTS_DIR; };
		205CFF7A2F69D7E400FFF88C /* RYFTUITests.xctest */ = {isa = PBXFileReference; explicitFileType = wrapper.cfbundle; includeInIndex = 0; path = RYFTUITests.xctest; sourceTree = BUILT_PRODUCTS_DIR; };
		20C236812F732C8A00D5763E /* RYFTWidgetsExtension.appex */ = {isa = PBXFileReference; explicitFileType = "wrapper.app-extension"; includeInIndex = 0; path = RYFTWidgetsExtension.appex; sourceTree = BUILT_PRODUCTS_DIR; };
		20C236832F732C8A00D5763E /* WidgetKit.framework */ = {isa = PBXFileReference; lastKnownFileType = wrapper.framework; name = WidgetKit.framework; path = System/Library/Frameworks/WidgetKit.framework; sourceTree = SDKROOT; };
		20C236852F732C8A00D5763E /* SwiftUI.framework */ = {isa = PBXFileReference; lastKnownFileType = wrapper.framework; name = SwiftUI.framework; path = System/Library/Frameworks/SwiftUI.framework; sourceTree = SDKROOT; };
/* End PBXFileReference section */

/* Begin PBXFileSystemSynchronizedBuildFileExceptionSet section */
		205CFF822F69D7E400FFF88C /* Exceptions for "RYFT" folder in "RYFT" target */ = {
			isa = PBXFileSystemSynchronizedBuildFileExceptionSet;
			membershipExceptions = (
				Info.plist,
			);
			target = 205CFF5E2F69D7E200FFF88C /* RYFT */;
		};
		20C236992F732C8C00D5763E /* Exceptions for "RYFTWidgets" folder in "RYFTWidgetsExtension" target */ = {
			isa = PBXFileSystemSynchronizedBuildFileExceptionSet;
			membershipExceptions = (
				Info.plist,
			);
			target = 20C236802F732C8A00D5763E /* RYFTWidgetsExtension */;
		};
		20C236A02F732ECA00D5763E /* Exceptions for "RYFT" folder in "RYFTWidgetsExtension" target */ = {
			isa = PBXFileSystemSynchronizedBuildFileExceptionSet;
			membershipExceptions = (
				Models/WorkoutActivityAttributes.swift,
			);
			target = 20C236802F732C8A00D5763E /* RYFTWidgetsExtension */;
		};
/* End PBXFileSystemSynchronizedBuildFileExceptionSet section */

/* Begin PBXFileSystemSynchronizedRootGroup section */
		205CFF612F69D7E200FFF88C /* RYFT */ = {
			isa = PBXFileSystemSynchronizedRootGroup;
			exceptions = (
				205CFF822F69D7E400FFF88C /* Exceptions for "RYFT" folder in "RYFT" target */,
				20C236A02F732ECA00D5763E /* Exceptions for "RYFT" folder in "RYFTWidgetsExtension" target */,
			);
			path = RYFT;
			sourceTree = "<group>";
		};
		205CFF732F69D7E400FFF88C /* RYFTTests */ = {
			isa = PBXFileSystemSynchronizedRootGroup;
			path = RYFTTests;
			sourceTree = "<group>";
		};
		205CFF7D2F69D7E400FFF88C /* RYFTUITests */ = {
			isa = PBXFileSystemSynchronizedRootGroup;
			path = RYFTUITests;
			sourceTree = "<group>";
		};
		20C236872F732C8A00D5763E /* RYFTWidgets */ = {
			isa = PBXFileSystemSynchronizedRootGroup;
			exceptions = (
				20C236992F732C8C00D5763E /* Exceptions for "RYFTWidgets" folder in "RYFTWidgetsExtension" target */,
			);
			path = RYFTWidgets;
			sourceTree = "<group>";
		};
/* End PBXFileSystemSynchronizedRootGroup section */

/* Begin PBXFrameworksBuildPhase section */
		205CFF5C2F69D7E200FFF88C /* Frameworks */ = {
			isa = PBXFrameworksBuildPhase;
			buildActionMask = 2147483647;
			files = (
			);
			runOnlyForDeploymentPostprocessing = 0;
		};
		205CFF6D2F69D7E400FFF88C /* Frameworks */ = {
			isa = PBXFrameworksBuildPhase;
			buildActionMask = 2147483647;
			files = (
			);
			runOnlyForDeploymentPostprocessing = 0;
		};
		205CFF772F69D7E400FFF88C /* Frameworks */ = {
			isa = PBXFrameworksBuildPhase;
			buildActionMask = 2147483647;
			files = (
			);
			runOnlyForDeploymentPostprocessing = 0;
		};
		20C2367E2F732C8A00D5763E /* Frameworks */ = {
			isa = PBXFrameworksBuildPhase;
			buildActionMask = 2147483647;
			files = (
				20C236862F732C8A00D5763E /* SwiftUI.framework in Frameworks */,
				20C236842F732C8A00D5763E /* WidgetKit.framework in Frameworks */,
			);
			runOnlyForDeploymentPostprocessing = 0;
		};
/* End PBXFrameworksBuildPhase section */

/* Begin PBXGroup section */
		205CFF562F69D7E200FFF88C = {
			isa = PBXGroup;
			children = (
				205CFF612F69D7E200FFF88C /* RYFT */,
				205CFF732F69D7E400FFF88C /* RYFTTests */,
				205CFF7D2F69D7E400FFF88C /* RYFTUITests */,
				20C236872F732C8A00D5763E /* RYFTWidgets */,
				20C236822F732C8A00D5763E /* Frameworks */,
				205CFF602F69D7E200FFF88C /* Products */,
			);
			sourceTree = "<group>";
		};
		205CFF602F69D7E200FFF88C /* Products */ = {
			isa = PBXGroup;
			children = (
				205CFF5F2F69D7E200FFF88C /* RYFT.app */,
				205CFF702F69D7E400FFF88C /* RYFTTests.xctest */,
				205CFF7A2F69D7E400FFF88C /* RYFTUITests.xctest */,
				20C236812F732C8A00D5763E /* RYFTWidgetsExtension.appex */,
			);
			name = Products;
			sourceTree = "<group>";
		};
		20C236822F732C8A00D5763E /* Frameworks */ = {
			isa = PBXGroup;
			children = (
				20C236832F732C8A00D5763E /* WidgetKit.framework */,
				20C236852F732C8A00D5763E /* SwiftUI.framework */,
			);
			name = Frameworks;
			sourceTree = "<group>";
		};
/* End PBXGroup section */

/* Begin PBXNativeTarget section */
		205CFF5E2F69D7E200FFF88C /* RYFT */ = {
			isa = PBXNativeTarget;
			buildConfigurationList = 205CFF832F69D7E400FFF88C /* Build configuration list for PBXNativeTarget "RYFT" */;
			buildPhases = (
				205CFF5B2F69D7E200FFF88C /* Sources */,
				205CFF5C2F69D7E200FFF88C /* Frameworks */,
				205CFF5D2F69D7E200FFF88C /* Resources */,
				20C2369A2F732C8C00D5763E /* Embed Foundation Extensions */,
			);
			buildRules = (
			);
			dependencies = (
				20C236942F732C8C00D5763E /* PBXTargetDependency */,
			);
			fileSystemSynchronizedGroups = (
				205CFF612F69D7E200FFF88C /* RYFT */,
			);
			name = RYFT;
			packageProductDependencies = (
			);
			productName = Heft;
			productReference = 205CFF5F2F69D7E200FFF88C /* RYFT.app */;
			productType = "com.apple.product-type.application";
		};
		205CFF6F2F69D7E400FFF88C /* RYFTTests */ = {
			isa = PBXNativeTarget;
			buildConfigurationList = 205CFF882F69D7E400FFF88C /* Build configuration list for PBXNativeTarget "RYFTTests" */;
			buildPhases = (
				205CFF6C2F69D7E400FFF88C /* Sources */,
				205CFF6D2F69D7E400FFF88C /* Frameworks */,
				205CFF6E2F69D7E400FFF88C /* Resources */,
			);
			buildRules = (
			);
			dependencies = (
				205CFF722F69D7E400FFF88C /* PBXTargetDependency */,
			);
			fileSystemSynchronizedGroups = (
				205CFF732F69D7E400FFF88C /* RYFTTests */,
			);
			name = RYFTTests;
			packageProductDependencies = (
			);
			productName = HeftTests;
			productReference = 205CFF702F69D7E400FFF88C /* RYFTTests.xctest */;
			productType = "com.apple.product-type.bundle.unit-test";
		};
		205CFF792F69D7E400FFF88C /* RYFTUITests */ = {
			isa = PBXNativeTarget;
			buildConfigurationList = 205CFF8B2F69D7E400FFF88C /* Build configuration list for PBXNativeTarget "RYFTUITests" */;
			buildPhases = (
				205CFF762F69D7E400FFF88C /* Sources */,
				205CFF772F69D7E400FFF88C /* Frameworks */,
				205CFF782F69D7E400FFF88C /* Resources */,
			);
			buildRules = (
			);
			dependencies = (
				205CFF7C2F69D7E400FFF88C /* PBXTargetDependency */,
			);
			fileSystemSynchronizedGroups = (
				205CFF7D2F69D7E400FFF88C /* RYFTUITests */,
			);
			name = RYFTUITests;
			packageProductDependencies = (
			);
			productName = HeftUITests;
			productReference = 205CFF7A2F69D7E400FFF88C /* RYFTUITests.xctest */;
			productType = "com.apple.product-type.bundle.ui-testing";
		};
		20C236802F732C8A00D5763E /* RYFTWidgetsExtension */ = {
			isa = PBXNativeTarget;
			buildConfigurationList = 20C236962F732C8C00D5763E /* Build configuration list for PBXNativeTarget "RYFTWidgetsExtension" */;
			buildPhases = (
				20C2367D2F732C8A00D5763E /* Sources */,
				20C2367E2F732C8A00D5763E /* Frameworks */,
				20C2367F2F732C8A00D5763E /* Resources */,
			);
			buildRules = (
			);
			dependencies = (
			);
			fileSystemSynchronizedGroups = (
				20C236872F732C8A00D5763E /* RYFTWidgets */,
			);
			name = RYFTWidgetsExtension;
			packageProductDependencies = (
			);
			productName = RYFTWidgetsExtension;
			productReference = 20C236812F732C8A00D5763E /* RYFTWidgetsExtension.appex */;
			productType = "com.apple.product-type.app-extension";
		};
/* End PBXNativeTarget section */

/* Begin PBXProject section */
		205CFF572F69D7E200FFF88C /* Project object */ = {
			isa = PBXProject;
			attributes = {
				BuildIndependentTargetsInParallel = 1;
				LastSwiftUpdateCheck = 2630;
				LastUpgradeCheck = 2630;
				TargetAttributes = {
					205CFF5E2F69D7E200FFF88C = {
						CreatedOnToolsVersion = 26.3;
					};
					205CFF6F2F69D7E400FFF88C = {
						CreatedOnToolsVersion = 26.3;
						TestTargetID = 205CFF5E2F69D7E200FFF88C;
					};
					205CFF792F69D7E400FFF88C = {
						CreatedOnToolsVersion = 26.3;
						TestTargetID = 205CFF5E2F69D7E200FFF88C;
					};
					20C236802F732C8A00D5763E = {
						CreatedOnToolsVersion = 26.3;
					};
				};
			};
			buildConfigurationList = 205CFF5A2F69D7E200FFF88C /* Build configuration list for PBXProject "RYFT" */;
			developmentRegion = en;
			hasScannedForEncodings = 0;
			knownRegions = (
				en,
				Base,
			);
			mainGroup = 205CFF562F69D7E200FFF88C;
			minimizedProjectReferenceProxies = 1;
			preferredProjectObjectVersion = 77;
			productRefGroup = 205CFF602F69D7E200FFF88C /* Products */;
			projectDirPath = "";
			projectRoot = "";
			targets = (
				205CFF5E2F69D7E200FFF88C /* RYFT */,
				205CFF6F2F69D7E400FFF88C /* RYFTTests */,
				205CFF792F69D7E400FFF88C /* RYFTUITests */,
				20C236802F732C8A00D5763E /* RYFTWidgetsExtension */,
			);
		};
/* End PBXProject section */

/* Begin PBXResourcesBuildPhase section */
		205CFF5D2F69D7E200FFF88C /* Resources */ = {
			isa = PBXResourcesBuildPhase;
			buildActionMask = 2147483647;
			files = (
			);
			runOnlyForDeploymentPostprocessing = 0;
		};
		205CFF6E2F69D7E400FFF88C /* Resources */ = {
			isa = PBXResourcesBuildPhase;
			buildActionMask = 2147483647;
			files = (
			);
			runOnlyForDeploymentPostprocessing = 0;
		};
		205CFF782F69D7E400FFF88C /* Resources */ = {
			isa = PBXResourcesBuildPhase;
			buildActionMask = 2147483647;
			files = (
			);
			runOnlyForDeploymentPostprocessing = 0;
		};
		20C2367F2F732C8A00D5763E /* Resources */ = {
			isa = PBXResourcesBuildPhase;
			buildActionMask = 2147483647;
			files = (
			);
			runOnlyForDeploymentPostprocessing = 0;
		};
/* End PBXResourcesBuildPhase section */

/* Begin PBXSourcesBuildPhase section */
		205CFF5B2F69D7E200FFF88C /* Sources */ = {
			isa = PBXSourcesBuildPhase;
			buildActionMask = 2147483647;
			files = (
			);
			runOnlyForDeploymentPostprocessing = 0;
		};
		205CFF6C2F69D7E400FFF88C /* Sources */ = {
			isa = PBXSourcesBuildPhase;
			buildActionMask = 2147483647;
			files = (
			);
			runOnlyForDeploymentPostprocessing = 0;
		};
		205CFF762F69D7E400FFF88C /* Sources */ = {
			isa = PBXSourcesBuildPhase;
			buildActionMask = 2147483647;
			files = (
			);
			runOnlyForDeploymentPostprocessing = 0;
		};
		20C2367D2F732C8A00D5763E /* Sources */ = {
			isa = PBXSourcesBuildPhase;
			buildActionMask = 2147483647;
			files = (
			);
			runOnlyForDeploymentPostprocessing = 0;
		};
/* End PBXSourcesBuildPhase section */

/* Begin PBXTargetDependency section */
		205CFF722F69D7E400FFF88C /* PBXTargetDependency */ = {
			isa = PBXTargetDependency;
			target = 205CFF5E2F69D7E200FFF88C /* RYFT */;
			targetProxy = 205CFF712F69D7E400FFF88C /* PBXContainerItemProxy */;
		};
		205CFF7C2F69D7E400FFF88C /* PBXTargetDependency */ = {
			isa = PBXTargetDependency;
			target = 205CFF5E2F69D7E200FFF88C /* RYFT */;
			targetProxy = 205CFF7B2F69D7E400FFF88C /* PBXContainerItemProxy */;
		};
		20C236942F732C8C00D5763E /* PBXTargetDependency */ = {
			isa = PBXTargetDependency;
			target = 20C236802F732C8A00D5763E /* RYFTWidgetsExtension */;
			targetProxy = 20C236932F732C8C00D5763E /* PBXContainerItemProxy */;
		};
/* End PBXTargetDependency section */

/* Begin XCBuildConfiguration section */
		205CFF842F69D7E400FFF88C /* Debug */ = {
			isa = XCBuildConfiguration;
			buildSettings = {
				ASSETCATALOG_COMPILER_APPICON_NAME = AppIcon;
				ASSETCATALOG_COMPILER_GLOBAL_ACCENT_COLOR_NAME = AccentColor;
				CODE_SIGN_ENTITLEMENTS = RYFT/RYFT.entitlements;
				CODE_SIGN_STYLE = Automatic;
				CURRENT_PROJECT_VERSION = 1;
				DEVELOPMENT_TEAM = S6KMR5L99B;
				ENABLE_PREVIEWS = YES;
				GENERATE_INFOPLIST_FILE = YES;
				INFOPLIST_FILE = RYFT/Info.plist;
				INFOPLIST_KEY_LSApplicationCategoryType = "public.app-category.healthcare-fitness";
				INFOPLIST_KEY_UIApplicationSceneManifest_Generation = YES;
				INFOPLIST_KEY_UIApplicationSupportsIndirectInputEvents = YES;
				INFOPLIST_KEY_UILaunchScreen_Generation = YES;
				INFOPLIST_KEY_UISupportedInterfaceOrientations_iPad = "UIInterfaceOrientationPortrait UIInterfaceOrientationPortraitUpsideDown UIInterfaceOrientationLandscapeLeft UIInterfaceOrientationLandscapeRight";
				INFOPLIST_KEY_UISupportedInterfaceOrientations_iPhone = "UIInterfaceOrientationPortrait UIInterfaceOrientationLandscapeLeft UIInterfaceOrientationLandscapeRight";
				IPHONEOS_DEPLOYMENT_TARGET = 26.1;
				LD_RUNPATH_SEARCH_PATHS = (
					"$(inherited)",
					"@executable_path/Frameworks",
				);
				MARKETING_VERSION = 1.0;
				PRODUCT_BUNDLE_IDENTIFIER = MysticByte.RYFT;
				PRODUCT_NAME = "$(TARGET_NAME)";
				STRING_CATALOG_GENERATE_SYMBOLS = YES;
				SWIFT_APPROACHABLE_CONCURRENCY = YES;
				SWIFT_DEFAULT_ACTOR_ISOLATION = MainActor;
				SWIFT_EMIT_LOC_STRINGS = YES;
				SWIFT_STRICT_CONCURRENCY = complete;
				SWIFT_UPCOMING_FEATURE_MEMBER_IMPORT_VISIBILITY = YES;
				SWIFT_VERSION = 6.0;
				TARGETED_DEVICE_FAMILY = "1,2";
			};
			name = Debug;
		};
		205CFF852F69D7E400FFF88C /* Release */ = {
			isa = XCBuildConfiguration;
			buildSettings = {
				ASSETCATALOG_COMPILER_APPICON_NAME = AppIcon;
				ASSETCATALOG_COMPILER_GLOBAL_ACCENT_COLOR_NAME = AccentColor;
				CODE_SIGN_ENTITLEMENTS = RYFT/RYFT.entitlements;
				CODE_SIGN_STYLE = Automatic;
				CURRENT_PROJECT_VERSION = 1;
				DEVELOPMENT_TEAM = S6KMR5L99B;
				ENABLE_PREVIEWS = YES;
				GENERATE_INFOPLIST_FILE = YES;
				INFOPLIST_FILE = RYFT/Info.plist;
				INFOPLIST_KEY_LSApplicationCategoryType = "public.app-category.healthcare-fitness";
				INFOPLIST_KEY_UIApplicationSceneManifest_Generation = YES;
				INFOPLIST_KEY_UIApplicationSupportsIndirectInputEvents = YES;
				INFOPLIST_KEY_UILaunchScreen_Generation = YES;
				INFOPLIST_KEY_UISupportedInterfaceOrientations_iPad = "UIInterfaceOrientationPortrait UIInterfaceOrientationPortraitUpsideDown UIInterfaceOrientationLandscapeLeft UIInterfaceOrientationLandscapeRight";
				INFOPLIST_KEY_UISupportedInterfaceOrientations_iPhone = "UIInterfaceOrientationPortrait UIInterfaceOrientationLandscapeLeft UIInterfaceOrientationLandscapeRight";
				IPHONEOS_DEPLOYMENT_TARGET = 26.1;
				LD_RUNPATH_SEARCH_PATHS = (
					"$(inherited)",
					"@executable_path/Frameworks",
				);
				MARKETING_VERSION = 1.0;
				PRODUCT_BUNDLE_IDENTIFIER = MysticByte.RYFT;
				PRODUCT_NAME = "$(TARGET_NAME)";
				STRING_CATALOG_GENERATE_SYMBOLS = YES;
				SWIFT_APPROACHABLE_CONCURRENCY = YES;
				SWIFT_DEFAULT_ACTOR_ISOLATION = MainActor;
				SWIFT_EMIT_LOC_STRINGS = YES;
				SWIFT_STRICT_CONCURRENCY = complete;
				SWIFT_UPCOMING_FEATURE_MEMBER_IMPORT_VISIBILITY = YES;
				SWIFT_VERSION = 6.0;
				TARGETED_DEVICE_FAMILY = "1,2";
			};
			name = Release;
		};
		205CFF862F69D7E400FFF88C /* Debug */ = {
			isa = XCBuildConfiguration;
			buildSettings = {
				ALWAYS_SEARCH_USER_PATHS = NO;
				ASSETCATALOG_COMPILER_GENERATE_SWIFT_ASSET_SYMBOL_EXTENSIONS = NO;
				CLANG_ANALYZER_NONNULL = YES;
				CLANG_ANALYZER_NUMBER_OBJECT_CONVERSION = YES_AGGRESSIVE;
				CLANG_CXX_LANGUAGE_STANDARD = "gnu++20";
				CLANG_ENABLE_MODULES = YES;
				CLANG_ENABLE_OBJC_ARC = YES;
				CLANG_ENABLE_OBJC_WEAK = YES;
				CLANG_WARN_BLOCK_CAPTURE_AUTORELEASING = YES;
				CLANG_WARN_BOOL_CONVERSION = YES;
				CLANG_WARN_COMMA = YES;
				CLANG_WARN_CONSTANT_CONVERSION = YES;
				CLANG_WARN_DEPRECATED_OBJC_IMPLEMENTATIONS = YES;
				CLANG_WARN_DIRECT_OBJC_ISA_USAGE = YES_ERROR;
				CLANG_WARN_DOCUMENTATION_COMMENTS = YES;
				CLANG_WARN_EMPTY_BODY = YES;
				CLANG_WARN_ENUM_CONVERSION = YES;
				CLANG_WARN_INFINITE_RECURSION = YES;
				CLANG_WARN_INT_CONVERSION = YES;
				CLANG_WARN_NON_LITERAL_NULL_CONVERSION = YES;
				CLANG_WARN_OBJC_IMPLICIT_RETAIN_SELF = YES;
				CLANG_WARN_OBJC_LITERAL_CONVERSION = YES;
				CLANG_WARN_OBJC_ROOT_CLASS = YES_ERROR;
				CLANG_WARN_QUOTED_INCLUDE_IN_FRAMEWORK_HEADER = YES;
				CLANG_WARN_RANGE_LOOP_ANALYSIS = YES;
				CLANG_WARN_STRICT_PROTOTYPES = YES;
				CLANG_WARN_SUSPICIOUS_MOVE = YES;
				CLANG_WARN_UNGUARDED_AVAILABILITY = YES_AGGRESSIVE;
				CLANG_WARN_UNREACHABLE_CODE = YES;
				CLANG_WARN__DUPLICATE_METHOD_MATCH = YES;
				COPY_PHASE_STRIP = NO;
				DEBUG_INFORMATION_FORMAT = dwarf;
				DEVELOPMENT_TEAM = S6KMR5L99B;
				ENABLE_STRICT_OBJC_MSGSEND = YES;
				ENABLE_TESTABILITY = YES;
				ENABLE_USER_SCRIPT_SANDBOXING = YES;
				GCC_C_LANGUAGE_STANDARD = gnu17;
				GCC_DYNAMIC_NO_PIC = NO;
				GCC_NO_COMMON_BLOCKS = YES;
				GCC_OPTIMIZATION_LEVEL = 0;
				GCC_PREPROCESSOR_DEFINITIONS = (
					"DEBUG=1",
					"$(inherited)",
				);
				GCC_WARN_64_TO_32_BIT_CONVERSION = YES;
				GCC_WARN_ABOUT_RETURN_TYPE = YES_ERROR;
				GCC_WARN_UNDECLARED_SELECTOR = YES;
				GCC_WARN_UNINITIALIZED_AUTOS = YES_AGGRESSIVE;
				GCC_WARN_UNUSED_FUNCTION = YES;
				GCC_WARN_UNUSED_VARIABLE = YES;
				IPHONEOS_DEPLOYMENT_TARGET = 26.0;
				LOCALIZATION_PREFERS_STRING_CATALOGS = YES;
				MTL_ENABLE_DEBUG_INFO = INCLUDE_SOURCE;
				MTL_FAST_MATH = YES;
				ONLY_ACTIVE_ARCH = YES;
				SDKROOT = iphoneos;
				SWIFT_ACTIVE_COMPILATION_CONDITIONS = "DEBUG $(inherited)";
				SWIFT_OPTIMIZATION_LEVEL = "-Onone";
				SWIFT_STRICT_CONCURRENCY = complete;
				SWIFT_VERSION = 6.0;
			};
			name = Debug;
		};
		205CFF872F69D7E400FFF88C /* Release */ = {
			isa = XCBuildConfiguration;
			buildSettings = {
				ALWAYS_SEARCH_USER_PATHS = NO;
				ASSETCATALOG_COMPILER_GENERATE_SWIFT_ASSET_SYMBOL_EXTENSIONS = NO;
				CLANG_ANALYZER_NONNULL = YES;
				CLANG_ANALYZER_NUMBER_OBJECT_CONVERSION = YES_AGGRESSIVE;
				CLANG_CXX_LANGUAGE_STANDARD = "gnu++20";
				CLANG_ENABLE_MODULES = YES;
				CLANG_ENABLE_OBJC_ARC = YES;
				CLANG_ENABLE_OBJC_WEAK = YES;
				CLANG_WARN_BLOCK_CAPTURE_AUTORELEASING = YES;
				CLANG_WARN_BOOL_CONVERSION = YES;
				CLANG_WARN_COMMA = YES;
				CLANG_WARN_CONSTANT_CONVERSION = YES;
				CLANG_WARN_DEPRECATED_OBJC_IMPLEMENTATIONS = YES;
				CLANG_WARN_DIRECT_OBJC_ISA_USAGE = YES_ERROR;
				CLANG_WARN_DOCUMENTATION_COMMENTS = YES;
				CLANG_WARN_EMPTY_BODY = YES;
				CLANG_WARN_ENUM_CONVERSION = YES;
				CLANG_WARN_INFINITE_RECURSION = YES;
				CLANG_WARN_INT_CONVERSION = YES;
				CLANG_WARN_NON_LITERAL_NULL_CONVERSION = YES;
				CLANG_WARN_OBJC_IMPLICIT_RETAIN_SELF = YES;
				CLANG_WARN_OBJC_LITERAL_CONVERSION = YES;
				CLANG_WARN_OBJC_ROOT_CLASS = YES_ERROR;
				CLANG_WARN_QUOTED_INCLUDE_IN_FRAMEWORK_HEADER = YES;
				CLANG_WARN_RANGE_LOOP_ANALYSIS = YES;
				CLANG_WARN_STRICT_PROTOTYPES = YES;
				CLANG_WARN_SUSPICIOUS_MOVE = YES;
				CLANG_WARN_UNGUARDED_AVAILABILITY = YES_AGGRESSIVE;
				CLANG_WARN_UNREACHABLE_CODE = YES;
				CLANG_WARN__DUPLICATE_METHOD_MATCH = YES;
				COPY_PHASE_STRIP = NO;
				DEBUG_INFORMATION_FORMAT = "dwarf-with-dsym";
				DEVELOPMENT_TEAM = S6KMR5L99B;
				ENABLE_NS_ASSERTIONS = NO;
				ENABLE_STRICT_OBJC_MSGSEND = YES;
				ENABLE_USER_SCRIPT_SANDBOXING = YES;
				GCC_C_LANGUAGE_STANDARD = gnu17;
				GCC_NO_COMMON_BLOCKS = YES;
				GCC_WARN_64_TO_32_BIT_CONVERSION = YES;
				GCC_WARN_ABOUT_RETURN_TYPE = YES_ERROR;
				GCC_WARN_UNDECLARED_SELECTOR = YES;
				GCC_WARN_UNINITIALIZED_AUTOS = YES_AGGRESSIVE;
				GCC_WARN_UNUSED_FUNCTION = YES;
				GCC_WARN_UNUSED_VARIABLE = YES;
				IPHONEOS_DEPLOYMENT_TARGET = 26.0;
				LOCALIZATION_PREFERS_STRING_CATALOGS = YES;
				MTL_ENABLE_DEBUG_INFO = NO;
				MTL_FAST_MATH = YES;
				SDKROOT = iphoneos;
				SWIFT_COMPILATION_MODE = wholemodule;
				SWIFT_STRICT_CONCURRENCY = complete;
				SWIFT_VERSION = 6.0;
				VALIDATE_PRODUCT = YES;
			};
			name = Release;
		};
		205CFF892F69D7E400FFF88C /* Debug */ = {
			isa = XCBuildConfiguration;
			buildSettings = {
				BUNDLE_LOADER = "$(TEST_HOST)";
				CODE_SIGN_STYLE = Automatic;
				CURRENT_PROJECT_VERSION = 1;
				DEVELOPMENT_TEAM = S6KMR5L99B;
				GENERATE_INFOPLIST_FILE = YES;
				IPHONEOS_DEPLOYMENT_TARGET = 26.1;
				MARKETING_VERSION = 1.0;
				PRODUCT_BUNDLE_IDENTIFIER = MysticByte.HeftTests;
				PRODUCT_NAME = "$(TARGET_NAME)";
				STRING_CATALOG_GENERATE_SYMBOLS = NO;
				SWIFT_APPROACHABLE_CONCURRENCY = YES;
				SWIFT_EMIT_LOC_STRINGS = NO;
				SWIFT_STRICT_CONCURRENCY = complete;
				SWIFT_UPCOMING_FEATURE_MEMBER_IMPORT_VISIBILITY = YES;
				SWIFT_VERSION = 6.0;
				TARGETED_DEVICE_FAMILY = "1,2";
				TEST_HOST = "$(BUILT_PRODUCTS_DIR)/RYFT.app/$(BUNDLE_EXECUTABLE_FOLDER_PATH)/RYFT";
			};
			name = Debug;
		};
		205CFF8A2F69D7E400FFF88C /* Release */ = {
			isa = XCBuildConfiguration;
			buildSettings = {
				BUNDLE_LOADER = "$(TEST_HOST)";
				CODE_SIGN_STYLE = Automatic;
				CURRENT_PROJECT_VERSION = 1;
				DEVELOPMENT_TEAM = S6KMR5L99B;
				GENERATE_INFOPLIST_FILE = YES;
				IPHONEOS_DEPLOYMENT_TARGET = 26.1;
				MARKETING_VERSION = 1.0;
				PRODUCT_BUNDLE_IDENTIFIER = MysticByte.HeftTests;
				PRODUCT_NAME = "$(TARGET_NAME)";
				STRING_CATALOG_GENERATE_SYMBOLS = NO;
				SWIFT_APPROACHABLE_CONCURRENCY = YES;
				SWIFT_EMIT_LOC_STRINGS = NO;
				SWIFT_STRICT_CONCURRENCY = complete;
				SWIFT_UPCOMING_FEATURE_MEMBER_IMPORT_VISIBILITY = YES;
				SWIFT_VERSION = 6.0;
				TARGETED_DEVICE_FAMILY = "1,2";
				TEST_HOST = "$(BUILT_PRODUCTS_DIR)/RYFT.app/$(BUNDLE_EXECUTABLE_FOLDER_PATH)/RYFT";
			};
			name = Release;
		};
		205CFF8C2F69D7E400FFF88C /* Debug */ = {
			isa = XCBuildConfiguration;
			buildSettings = {
				CODE_SIGN_STYLE = Automatic;
				CURRENT_PROJECT_VERSION = 1;
				DEVELOPMENT_TEAM = S6KMR5L99B;
				GENERATE_INFOPLIST_FILE = YES;
				IPHONEOS_DEPLOYMENT_TARGET = 26.1;
				MARKETING_VERSION = 1.0;
				PRODUCT_BUNDLE_IDENTIFIER = MysticByte.HeftUITests;
				PRODUCT_NAME = "$(TARGET_NAME)";
				STRING_CATALOG_GENERATE_SYMBOLS = NO;
				SWIFT_APPROACHABLE_CONCURRENCY = YES;
				SWIFT_EMIT_LOC_STRINGS = NO;
				SWIFT_STRICT_CONCURRENCY = complete;
				SWIFT_UPCOMING_FEATURE_MEMBER_IMPORT_VISIBILITY = YES;
				SWIFT_VERSION = 6.0;
				TARGETED_DEVICE_FAMILY = "1,2";
				TEST_TARGET_NAME = Heft;
			};
			name = Debug;
		};
		205CFF8D2F69D7E400FFF88C /* Release */ = {
			isa = XCBuildConfiguration;
			buildSettings = {
				CODE_SIGN_STYLE = Automatic;
				CURRENT_PROJECT_VERSION = 1;
				DEVELOPMENT_TEAM = S6KMR5L99B;
				GENERATE_INFOPLIST_FILE = YES;
				IPHONEOS_DEPLOYMENT_TARGET = 26.1;
				MARKETING_VERSION = 1.0;
				PRODUCT_BUNDLE_IDENTIFIER = MysticByte.HeftUITests;
				PRODUCT_NAME = "$(TARGET_NAME)";
				STRING_CATALOG_GENERATE_SYMBOLS = NO;
				SWIFT_APPROACHABLE_CONCURRENCY = YES;
				SWIFT_EMIT_LOC_STRINGS = NO;
				SWIFT_STRICT_CONCURRENCY = complete;
				SWIFT_UPCOMING_FEATURE_MEMBER_IMPORT_VISIBILITY = YES;
				SWIFT_VERSION = 6.0;
				TARGETED_DEVICE_FAMILY = "1,2";
				TEST_TARGET_NAME = Heft;
			};
			name = Release;
		};
		20C236972F732C8C00D5763E /* Debug */ = {
			isa = XCBuildConfiguration;
			buildSettings = {
				ASSETCATALOG_COMPILER_GENERATE_SWIFT_ASSET_SYMBOL_EXTENSIONS = YES;
				ASSETCATALOG_COMPILER_GLOBAL_ACCENT_COLOR_NAME = AccentColor;
				ASSETCATALOG_COMPILER_WIDGET_BACKGROUND_COLOR_NAME = WidgetBackground;
				CODE_SIGN_STYLE = Automatic;
				CURRENT_PROJECT_VERSION = 1;
				DEVELOPMENT_TEAM = S6KMR5L99B;
				GENERATE_INFOPLIST_FILE = YES;
				INFOPLIST_FILE = RYFTWidgets/Info.plist;
				INFOPLIST_KEY_CFBundleDisplayName = RYFTWidgets;
				INFOPLIST_KEY_NSHumanReadableCopyright = "";
				IPHONEOS_DEPLOYMENT_TARGET = 26.2;
				LD_RUNPATH_SEARCH_PATHS = (
					"$(inherited)",
					"@executable_path/Frameworks",
					"@executable_path/../../Frameworks",
				);
				MARKETING_VERSION = 1.0;
				PRODUCT_BUNDLE_IDENTIFIER = MysticByte.RYFT.RYFTWidgets;
				PRODUCT_NAME = "$(TARGET_NAME)";
				SKIP_INSTALL = YES;
				STRING_CATALOG_GENERATE_SYMBOLS = YES;
				SWIFT_APPROACHABLE_CONCURRENCY = YES;
				SWIFT_EMIT_LOC_STRINGS = YES;
				SWIFT_UPCOMING_FEATURE_MEMBER_IMPORT_VISIBILITY = YES;
				SWIFT_VERSION = 5.0;
				TARGETED_DEVICE_FAMILY = "1,2";
			};
			name = Debug;
		};
		20C236982F732C8C00D5763E /* Release */ = {
			isa = XCBuildConfiguration;
			buildSettings = {
				ASSETCATALOG_COMPILER_GENERATE_SWIFT_ASSET_SYMBOL_EXTENSIONS = YES;
				ASSETCATALOG_COMPILER_GLOBAL_ACCENT_COLOR_NAME = AccentColor;
				ASSETCATALOG_COMPILER_WIDGET_BACKGROUND_COLOR_NAME = WidgetBackground;
				CODE_SIGN_STYLE = Automatic;
				CURRENT_PROJECT_VERSION = 1;
				DEVELOPMENT_TEAM = S6KMR5L99B;
				GENERATE_INFOPLIST_FILE = YES;
				INFOPLIST_FILE = RYFTWidgets/Info.plist;
				INFOPLIST_KEY_CFBundleDisplayName = RYFTWidgets;
				INFOPLIST_KEY_NSHumanReadableCopyright = "";
				IPHONEOS_DEPLOYMENT_TARGET = 26.2;
				LD_RUNPATH_SEARCH_PATHS = (
					"$(inherited)",
					"@executable_path/Frameworks",
					"@executable_path/../../Frameworks",
				);
				MARKETING_VERSION = 1.0;
				PRODUCT_BUNDLE_IDENTIFIER = MysticByte.RYFT.RYFTWidgets;
				PRODUCT_NAME = "$(TARGET_NAME)";
				SKIP_INSTALL = YES;
				STRING_CATALOG_GENERATE_SYMBOLS = YES;
				SWIFT_APPROACHABLE_CONCURRENCY = YES;
				SWIFT_EMIT_LOC_STRINGS = YES;
				SWIFT_UPCOMING_FEATURE_MEMBER_IMPORT_VISIBILITY = YES;
				SWIFT_VERSION = 5.0;
				TARGETED_DEVICE_FAMILY = "1,2";
			};
			name = Release;
		};
/* End XCBuildConfiguration section */

/* Begin XCConfigurationList section */
		205CFF5A2F69D7E200FFF88C /* Build configuration list for PBXProject "RYFT" */ = {
			isa = XCConfigurationList;
			buildConfigurations = (
				205CFF862F69D7E400FFF88C /* Debug */,
				205CFF872F69D7E400FFF88C /* Release */,
			);
			defaultConfigurationIsVisible = 0;
			defaultConfigurationName = Release;
		};
		205CFF832F69D7E400FFF88C /* Build configuration list for PBXNativeTarget "RYFT" */ = {
			isa = XCConfigurationList;
			buildConfigurations = (
				205CFF842F69D7E400FFF88C /* Debug */,
				205CFF852F69D7E400FFF88C /* Release */,
			);
			defaultConfigurationIsVisible = 0;
			defaultConfigurationName = Release;
		};
		205CFF882F69D7E400FFF88C /* Build configuration list for PBXNativeTarget "RYFTTests" */ = {
			isa = XCConfigurationList;
			buildConfigurations = (
				205CFF892F69D7E400FFF88C /* Debug */,
				205CFF8A2F69D7E400FFF88C /* Release */,
			);
			defaultConfigurationIsVisible = 0;
			defaultConfigurationName = Release;
		};
		205CFF8B2F69D7E400FFF88C /* Build configuration list for PBXNativeTarget "RYFTUITests" */ = {
			isa = XCConfigurationList;
			buildConfigurations = (
				205CFF8C2F69D7E400FFF88C /* Debug */,
				205CFF8D2F69D7E400FFF88C /* Release */,
			);
			defaultConfigurationIsVisible = 0;
			defaultConfigurationName = Release;
		};
		20C236962F732C8C00D5763E /* Build configuration list for PBXNativeTarget "RYFTWidgetsExtension" */ = {
			isa = XCConfigurationList;
			buildConfigurations = (
				20C236972F732C8C00D5763E /* Debug */,
				20C236982F732C8C00D5763E /* Release */,
			);
			defaultConfigurationIsVisible = 0;
			defaultConfigurationName = Release;
		};
/* End XCConfigurationList section */
	};
	rootObject = 205CFF572F69D7E200FFF88C /* Project object */;
}
